// !$*UTF8*$!
{
	archiveVersion = 1;
	classes = {
	};
	objectVersion = 77;
	objects = {

/* Begin PBXContainerItemProxy section */
		0AF3958C2E10180100BE3F58 /* PBXContainerItemProxy */ = {
			isa = PBXContainerItemProxy;
			containerPortal = 0AF395752E1017FF00BE3F58 /* Project object */;
			proxyType = 1;
			remoteGlobalIDString = 0AF3957C2E1017FF00BE3F58;
			remoteInfo = GPUTest2;
		};
		0AF395962E10180100BE3F58 /* PBXContainerItemProxy */ = {
			isa = PBXContainerItemProxy;
			containerPortal = 0AF395752E1017FF00BE3F58 /* Project object */;
			proxyType = 1;
			remoteGlobalIDString = 0AF3957C2E1017FF00BE3F58;
			remoteInfo = GPUTest2;
		};
/* End PBXContainerItemProxy section */

/* Begin PBXFileReference section */
		0AF3957D2E1017FF00BE3F58 /* GPUTest2.app */ = {isa = PBXFileReference; explicitFileType = wrapper.application; includeInIndex = 0; path = GPUTest2.app; sourceTree = BUILT_PRODUCTS_DIR; };
		0AF3958B2E10180100BE3F58 /* GPUTest2Tests.xctest */ = {isa = PBXFileReference; explicitFileType = wrapper.cfbundle; includeInIndex = 0; path = GPUTest2Tests.xctest; sourceTree = BUILT_PRODUCTS_DIR; };
		0AF395952E10180100BE3F58 /* GPUTest2UITests.xctest */ = {isa = PBXFileReference; explicitFileType = wrapper.cfbundle; includeInIndex = 0; path = GPUTest2UITests.xctest; sourceTree = BUILT_PRODUCTS_DIR; };
/* End PBXFileReference section */

/* Begin PBXFileSystemSynchronizedRootGroup section */
		0AF3957F2E1017FF00BE3F58 /* GPUTest2 */ = {
			isa = PBXFileSystemSynchronizedRootGroup;
			path = GPUTest2;
			sourceTree = "<group>";
		};
		0AF3958E2E10180100BE3F58 /* GPUTest2Tests */ = {
			isa = PBXFileSystemSynchronizedRootGroup;
			path = GPUTest2Tests;
			sourceTree = "<group>";
		};
		0AF395982E10180100BE3F58 /* GPUTest2UITests */ = {
			isa = PBXFileSystemSynchronizedRootGroup;
			path = GPUTest2UITests;
			sourceTree = "<group>";
		};
/* End PBXFileSystemSynchronizedRootGroup section */

/* Begin PBXFrameworksBuildPhase section */
		0AF3957A2E1017FF00BE3F58 /* Frameworks */ = {
			isa = PBXFrameworksBuildPhase;
			buildActionMask = 2147483647;
			files = (
			);
			runOnlyForDeploymentPostprocessing = 0;
		};
		0AF395882E10180100BE3F58 /* Frameworks */ = {
			isa = PBXFrameworksBuildPhase;
			buildActionMask = 2147483647;
			files = (
			);
			runOnlyForDeploymentPostprocessing = 0;
		};
		0AF395922E10180100BE3F58 /* Frameworks */ = {
			isa = PBXFrameworksBuildPhase;
			buildActionMask = 2147483647;
			files = (
			);
			runOnlyForDeploymentPostprocessing = 0;
		};
/* End PBXFrameworksBuildPhase section */

/* Begin PBXGroup section */
		0AF395742E1017FF00BE3F58 = {
			isa = PBXGroup;
			children = (
				0AF3957F2E1017FF00BE3F58 /* GPUTest2 */,
				0AF3958E2E10180100BE3F58 /* GPUTest2Tests */,
				0AF395982E10180100BE3F58 /* GPUTest2UITests */,
				0AF3957E2E1017FF00BE3F58 /* Products */,
			);
			sourceTree = "<group>";
		};
		0AF3957E2E1017FF00BE3F58 /* Products */ = {
			isa = PBXGroup;
			children = (
				0AF3957D2E1017FF00BE3F58 /* GPUTest2.app */,
				0AF3958B2E10180100BE3F58 /* GPUTest2Tests.xctest */,
				0AF395952E10180100BE3F58 /* GPUTest2UITests.xctest */,
			);
			name = Products;
			sourceTree = "<group>";
		};
/* End PBXGroup section */

/* Begin PBXNativeTarget section */
		0AF3957C2E1017FF00BE3F58 /* GPUTest2 */ = {
			isa = PBXNativeTarget;
			buildConfigurationList = 0AF3959F2E10180100BE3F58 /* Build configuration list for PBXNativeTarget "GPUTest2" */;
			buildPhases = (
				0AF395792E1017FF00BE3F58 /* Sources */,
				0AF3957A2E1017FF00BE3F58 /* Frameworks */,
				0AF3957B2E1017FF00BE3F58 /* Resources */,
			);
			buildRules = (
			);
			dependencies = (
			);
			fileSystemSynchronizedGroups = (
				0AF3957F2E1017FF00BE3F58 /* GPUTest2 */,
			);
			name = GPUTest2;
			packageProductDependencies = (
			);
			productName = GPUTest2;
			productReference = 0AF3957D2E1017FF00BE3F58 /* GPUTest2.app */;
			productType = "com.apple.product-type.application";
		};
		0AF3958A2E10180100BE3F58 /* GPUTest2Tests */ = {
			isa = PBXNativeTarget;
			buildConfigurationList = 0AF395A22E10180100BE3F58 /* Build configuration list for PBXNativeTarget "GPUTest2Tests" */;
			buildPhases = (
				0AF395872E10180100BE3F58 /* Sources */,
				0AF395882E10180100BE3F58 /* Frameworks */,
				0AF395892E10180100BE3F58 /* Resources */,
			);
			buildRules = (
			);
			dependencies = (
				0AF3958D2E10180100BE3F58 /* PBXTargetDependency */,
			);
			fileSystemSynchronizedGroups = (
				0AF3958E2E10180100BE3F58 /* GPUTest2Tests */,
			);
			name = GPUTest2Tests;
			packageProductDependencies = (
			);
			productName = GPUTest2Tests;
			productReference = 0AF3958B2E10180100BE3F58 /* GPUTest2Tests.xctest */;
			productType = "com.apple.product-type.bundle.unit-test";
		};
		0AF395942E10180100BE3F58 /* GPUTest2UITests */ = {
			isa = PBXNativeTarget;
			buildConfigurationList = 0AF395A52E10180100BE3F58 /* Build configuration list for PBXNativeTarget "GPUTest2UITests" */;
			buildPhases = (
				0AF395912E10180100BE3F58 /* Sources */,
				0AF395922E10180100BE3F58 /* Frameworks */,
				0AF395932E10180100BE3F58 /* Resources */,
			);
			buildRules = (
			);
			dependencies = (
				0AF395972E10180100BE3F58 /* PBXTargetDependency */,
			);
			fileSystemSynchronizedGroups = (
				0AF395982E10180100BE3F58 /* GPUTest2UITests */,
			);
			name = GPUTest2UITests;
			packageProductDependencies = (
			);
			productName = GPUTest2UITests;
			productReference = 0AF395952E10180100BE3F58 /* GPUTest2UITests.xctest */;
			productType = "com.apple.product-type.bundle.ui-testing";
		};
/* End PBXNativeTarget section */

/* Begin PBXProject section */
		0AF395752E1017FF00BE3F58 /* Project object */ = {
			isa = PBXProject;
			attributes = {
				BuildIndependentTargetsInParallel = 1;
				LastSwiftUpdateCheck = 1640;
				LastUpgradeCheck = 1640;
				TargetAttributes = {
					0AF3957C2E1017FF00BE3F58 = {
						CreatedOnToolsVersion = 16.4;
					};
					0AF3958A2E10180100BE3F58 = {
						CreatedOnToolsVersion = 16.4;
						TestTargetID = 0AF3957C2E1017FF00BE3F58;
					};
					0AF395942E10180100BE3F58 = {
						CreatedOnToolsVersion = 16.4;
						TestTargetID = 0AF3957C2E1017FF00BE3F58;
					};
				};
			};
			buildConfigurationList = 0AF395782E1017FF00BE3F58 /* Build configuration list for PBXProject "GPUTest2" */;
			developmentRegion = en;
			hasScannedForEncodings = 0;
			knownRegions = (
				en,
				Base,
			);
			mainGroup = 0AF395742E1017FF00BE3F58;
			minimizedProjectReferenceProxies = 1;
			preferredProjectObjectVersion = 77;
			productRefGroup = 0AF3957E2E1017FF00BE3F58 /* Products */;
			projectDirPath = "";
			projectRoot = "";
			targets = (
				0AF3957C2E1017FF00BE3F58 /* GPUTest2 */,
				0AF3958A2E10180100BE3F58 /* GPUTest2Tests */,
				0AF395942E10180100BE3F58 /* GPUTest2UITests */,
			);
		};
/* End PBXProject section */

/* Begin PBXResourcesBuildPhase section */
		0AF3957B2E1017FF00BE3F58 /* Resources */ = {
			isa = PBXResourcesBuildPhase;
			buildActionMask = 2147483647;
			files = (
			);
			runOnlyForDeploymentPostprocessing = 0;
		};
		0AF395892E10180100BE3F58 /* Resources */ = {
			isa = PBXResourcesBuildPhase;
			buildActionMask = 2147483647;
			files = (
			);
			runOnlyForDeploymentPostprocessing = 0;
		};
		0AF395932E10180100BE3F58 /* Resources */ = {
			isa = PBXResourcesBuildPhase;
			buildActionMask = 2147483647;
			files = (
			);
			runOnlyForDeploymentPostprocessing = 0;
		};
/* End PBXResourcesBuildPhase section */

/* Begin PBXSourcesBuildPhase section */
		0AF395792E1017FF00BE3F58 /* Sources */ = {
			isa = PBXSourcesBuildPhase;
			buildActionMask = 2147483647;
			files = (
			);
			runOnlyForDeploymentPostprocessing = 0;
		};
		0AF395872E10180100BE3F58 /* Sources */ = {
			isa = PBXSourcesBuildPhase;
			buildActionMask = 2147483647;
			files = (
			);
			runOnlyForDeploymentPostprocessing = 0;
		};
		0AF395912E10180100BE3F58 /* Sources */ = {
			isa = PBXSourcesBuildPhase;
			buildActionMask = 2147483647;
			files = (
			);
			runOnlyForDeploymentPostprocessing = 0;
		};
/* End PBXSourcesBuildPhase section */

/* Begin PBXTargetDependency section */
		0AF3958D2E10180100BE3F58 /* PBXTargetDependency */ = {
			isa = PBXTargetDependency;
			target = 0AF3957C2E1017FF00BE3F58 /* GPUTest2 */;
			targetProxy = 0AF3958C2E10180100BE3F58 /* PBXContainerItemProxy */;
		};
		0AF395972E10180100BE3F58 /* PBXTargetDependency */ = {
			isa = PBXTargetDependency;
			target = 0AF3957C2E1017FF00BE3F58 /* GPUTest2 */;
			targetProxy = 0AF395962E10180100BE3F58 /* PBXContainerItemProxy */;
		};
/* End PBXTargetDependency section */

/* Begin XCBuildConfiguration section */
		0AF3959D2E10180100BE3F58 /* Debug */ = {
			isa = XCBuildConfiguration;
			buildSettings = {
				ALWAYS_SEARCH_USER_PATHS = NO;
				ASSETCATALOG_COMPILER_GENERATE_SWIFT_ASSET_SYMBOL_EXTENSIONS = YES;
				CLANG_ANALYZER_NONNULL = YES;
				CLANG_ANALYZER_NUMBER_OBJECT_CONVERSION = YES_AGGRESSIVE;
				CLANG_CXX_LANGUAGE_STANDARD = "gnu++20";
				CLANG_ENABLE_MODULES = YES;
				CLANG_ENABLE_OBJC_ARC = YES;
				CLANG_ENABLE_OBJC_WEAK = YES;
				CLANG_WARN_BLOCK_CAPTURE_AUTORELEASING = YES;
				CLANG_WARN_BOOL_CONVERSION = YES;
				CLANG_WARN_COMMA = YES;
				CLANG_WARN_CONSTANT_CONVERSION = YES;
				CLANG_WARN_DEPRECATED_OBJC_IMPLEMENTATIONS = YES;
				CLANG_WARN_DIRECT_OBJC_ISA_USAGE = YES_ERROR;
				CLANG_WARN_DOCUMENTATION_COMMENTS = YES;
				CLANG_WARN_EMPTY_BODY = YES;
				CLANG_WARN_ENUM_CONVERSION = YES;
				CLANG_WARN_INFINITE_RECURSION = YES;
				CLANG_WARN_INT_CONVERSION = YES;
				CLANG_WARN_NON_LITERAL_NULL_CONVERSION = YES;
				CLANG_WARN_OBJC_IMPLICIT_RETAIN_SELF = YES;
				CLANG_WARN_OBJC_LITERAL_CONVERSION = YES;
				CLANG_WARN_OBJC_ROOT_CLASS = YES_ERROR;
				CLANG_WARN_QUOTED_INCLUDE_IN_FRAMEWORK_HEADER = YES;
				CLANG_WARN_RANGE_LOOP_ANALYSIS = YES;
				CLANG_WARN_STRICT_PROTOTYPES = YES;
				CLANG_WARN_SUSPICIOUS_MOVE = YES;
				CLANG_WARN_UNGUARDED_AVAILABILITY = YES_AGGRESSIVE;
				CLANG_WARN_UNREACHABLE_CODE = YES;
				CLANG_WARN__DUPLICATE_METHOD_MATCH = YES;
				COPY_PHASE_STRIP = NO;
				DEBUG_INFORMATION_FORMAT = dwarf;
				DEVELOPMENT_TEAM = 9KDUS59PR5;
				ENABLE_STRICT_OBJC_MSGSEND = YES;
				ENABLE_TESTABILITY = YES;
				ENABLE_USER_SCRIPT_SANDBOXING = YES;
				GCC_C_LANGUAGE_STANDARD = gnu17;
				GCC_DYNAMIC_NO_PIC = NO;
				GCC_NO_COMMON_BLOCKS = YES;
				GCC_OPTIMIZATION_LEVEL = 0;
				GCC_PREPROCESSOR_DEFINITIONS = (
					"DEBUG=1",
					"$(inherited)",
				);
				GCC_WARN_64_TO_32_BIT_CONVERSION = YES;
				GCC_WARN_ABOUT_RETURN_TYPE = YES_ERROR;
				GCC_WARN_UNDECLARED_SELECTOR = YES;
				GCC_WARN_UNINITIALIZED_AUTOS = YES_AGGRESSIVE;
				GCC_WARN_UNUSED_FUNCTION = YES;
				GCC_WARN_UNUSED_VARIABLE = YES;
				LOCALIZATION_PREFERS_STRING_CATALOGS = YES;
				MACOSX_DEPLOYMENT_TARGET = 15.5;
				MTL_ENABLE_DEBUG_INFO = INCLUDE_SOURCE;
				MTL_FAST_MATH = YES;
				ONLY_ACTIVE_ARCH = YES;
				SDKROOT = macosx;
				SWIFT_ACTIVE_COMPILATION_CONDITIONS = "DEBUG $(inherited)";
				SWIFT_OPTIMIZATION_LEVEL = "-Onone";
			};
			name = Debug;
		};
		0AF3959E2E10180100BE3F58 /* Release */ = {
			isa = XCBuildConfiguration;
			buildSettings = {
				ALWAYS_SEARCH_USER_PATHS = NO;
				ASSETCATALOG_COMPILER_GENERATE_SWIFT_ASSET_SYMBOL_EXTENSIONS = YES;
				CLANG_ANALYZER_NONNULL = YES;
				CLANG_ANALYZER_NUMBER_OBJECT_CONVERSION = YES_AGGRESSIVE;
				CLANG_CXX_LANGUAGE_STANDARD = "gnu++20";
				CLANG_ENABLE_MODULES = YES;
				CLANG_ENABLE_OBJC_ARC = YES;
				CLANG_ENABLE_OBJC_WEAK = YES;
				CLANG_WARN_BLOCK_CAPTURE_AUTORELEASING = YES;
				CLANG_WARN_BOOL_CONVERSION = YES;
				CLANG_WARN_COMMA = YES;
				CLANG_WARN_CONSTANT_CONVERSION = YES;
				CLANG_WARN_DEPRECATED_OBJC_IMPLEMENTATIONS = YES;
				CLANG_WARN_DIRECT_OBJC_ISA_USAGE = YES_ERROR;
				CLANG_WARN_DOCUMENTATION_COMMENTS = YES;
				CLANG_WARN_EMPTY_BODY = YES;
				CLANG_WARN_ENUM_CONVERSION = YES;
				CLANG_WARN_INFINITE_RECURSION = YES;
				CLANG_WARN_INT_CONVERSION = YES;
				CLANG_WARN_NON_LITERAL_NULL_CONVERSION = YES;
				CLANG_WARN_OBJC_IMPLICIT_RETAIN_SELF = YES;
				CLANG_WARN_OBJC_LITERAL_CONVERSION = YES;
				CLANG_WARN_OBJC_ROOT_CLASS = YES_ERROR;
				CLANG_WARN_QUOTED_INCLUDE_IN_FRAMEWORK_HEADER = YES;
				CLANG_WARN_RANGE_LOOP_ANALYSIS = YES;
				CLANG_WARN_STRICT_PROTOTYPES = YES;
				CLANG_WARN_SUSPICIOUS_MOVE = YES;
				CLANG_WARN_UNGUARDED_AVAILABILITY = YES_AGGRESSIVE;
				CLANG_WARN_UNREACHABLE_CODE = YES;
				CLANG_WARN__DUPLICATE_METHOD_MATCH = YES;
				COPY_PHASE_STRIP = NO;
				DEBUG_INFORMATION_FORMAT = "dwarf-with-dsym";
				DEVELOPMENT_TEAM = 9KDUS59PR5;
				ENABLE_NS_ASSERTIONS = NO;
				ENABLE_STRICT_OBJC_MSGSEND = YES;
				ENABLE_USER_SCRIPT_SANDBOXING = YES;
				GCC_C_LANGUAGE_STANDARD = gnu17;
				GCC_NO_COMMON_BLOCKS = YES;
				GCC_WARN_64_TO_32_BIT_CONVERSION = YES;
				GCC_WARN_ABOUT_RETURN_TYPE = YES_ERROR;
				GCC_WARN_UNDECLARED_SELECTOR = YES;
				GCC_WARN_UNINITIALIZED_AUTOS = YES_AGGRESSIVE;
				GCC_WARN_UNUSED_FUNCTION = YES;
				GCC_WARN_UNUSED_VARIABLE = YES;
				LOCALIZATION_PREFERS_STRING_CATALOGS = YES;
				MACOSX_DEPLOYMENT_TARGET = 15.5;
				MTL_ENABLE_DEBUG_INFO = NO;
				MTL_FAST_MATH = YES;
				SDKROOT = macosx;
				SWIFT_COMPILATION_MODE = wholemodule;
			};
			name = Release;
		};
		0AF395A02E10180100BE3F58 /* Debug */ = {
			isa = XCBuildConfiguration;
			buildSettings = {
				ASSETCATALOG_COMPILER_APPICON_NAME = AppIcon;
				ASSETCATALOG_COMPILER_GLOBAL_ACCENT_COLOR_NAME = AccentColor;
				CODE_SIGN_ENTITLEMENTS = GPUTest2/GPUTest2.entitlements;
				CODE_SIGN_STYLE = Automatic;
				COMBINE_HIDPI_IMAGES = YES;
				CURRENT_PROJECT_VERSION = 1;
				DEVELOPMENT_TEAM = 9KDUS59PR5;
				ENABLE_HARDENED_RUNTIME = YES;
				ENABLE_PREVIEWS = YES;
				GENERATE_INFOPLIST_FILE = YES;
				INFOPLIST_KEY_NSHumanReadableCopyright = "";
				LD_RUNPATH_SEARCH_PATHS = (
					"$(inherited)",
					"@executable_path/../Frameworks",
				);
				MARKETING_VERSION = 1.0;
				PRODUCT_BUNDLE_IDENTIFIER = com.blessing.channel.GPUTest2;
				PRODUCT_NAME = "$(TARGET_NAME)";
				REGISTER_APP_GROUPS = YES;
				SWIFT_EMIT_LOC_STRINGS = YES;
				SWIFT_VERSION = 5.0;
			};
			name = Debug;
		};
		0AF395A12E10180100BE3F58 /* Release */ = {
			isa = XCBuildConfiguration;
			buildSettings = {
				ASSETCATALOG_COMPILER_APPICON_NAME = AppIcon;
				ASSETCATALOG_COMPILER_GLOBAL_ACCENT_COLOR_NAME = AccentColor;
				CODE_SIGN_ENTITLEMENTS = GPUTest2/GPUTest2.entitlements;
				CODE_SIGN_STYLE = Automatic;
				COMBINE_HIDPI_IMAGES = YES;
				CURRENT_PROJECT_VERSION = 1;
				DEVELOPMENT_TEAM = 9KDUS59PR5;
				ENABLE_HARDENED_RUNTIME = YES;
				ENABLE_PREVIEWS = YES;
				GENERATE_INFOPLIST_FILE = YES;
				INFOPLIST_KEY_NSHumanReadableCopyright = "";
				LD_RUNPATH_SEARCH_PATHS = (
					"$(inherited)",
					"@executable_path/../Frameworks",
				);
				MARKETING_VERSION = 1.0;
				PRODUCT_BUNDLE_IDENTIFIER = com.blessing.channel.GPUTest2;
				PRODUCT_NAME = "$(TARGET_NAME)";
				REGISTER_APP_GROUPS = YES;
				SWIFT_EMIT_LOC_STRINGS = YES;
				SWIFT_VERSION = 5.0;
			};
			name = Release;
		};
		0AF395A32E10180100BE3F58 /* Debug */ = {
			isa = XCBuildConfiguration;
			buildSettings = {
				BUNDLE_LOADER = "$(TEST_HOST)";
				CODE_SIGN_STYLE = Automatic;
				CURRENT_PROJECT_VERSION = 1;
				DEVELOPMENT_TEAM = 9KDUS59PR5;
				GENERATE_INFOPLIST_FILE = YES;
				MACOSX_DEPLOYMENT_TARGET = 15.5;
				MARKETING_VERSION = 1.0;
				PRODUCT_BUNDLE_IDENTIFIER = com.blessing.channel.GPUTest2Tests;
				PRODUCT_NAME = "$(TARGET_NAME)";
				SWIFT_EMIT_LOC_STRINGS = NO;
				SWIFT_VERSION = 5.0;
				TEST_HOST = "$(BUILT_PRODUCTS_DIR)/GPUTest2.app/$(BUNDLE_EXECUTABLE_FOLDER_PATH)/GPUTest2";
			};
			name = Debug;
		};
		0AF395A42E10180100BE3F58 /* Release */ = {
			isa = XCBuildConfiguration;
			buildSettings = {
				BUNDLE_LOADER = "$(TEST_HOST)";
				CODE_SIGN_STYLE = Automatic;
				CURRENT_PROJECT_VERSION = 1;
				DEVELOPMENT_TEAM = 9KDUS59PR5;
				GENERATE_INFOPLIST_FILE = YES;
				MACOSX_DEPLOYMENT_TARGET = 15.5;
				MARKETING_VERSION = 1.0;
				PRODUCT_BUNDLE_IDENTIFIER = com.blessing.channel.GPUTest2Tests;
				PRODUCT_NAME = "$(TARGET_NAME)";
				SWIFT_EMIT_LOC_STRINGS = NO;
				SWIFT_VERSION = 5.0;
				TEST_HOST = "$(BUILT_PRODUCTS_DIR)/GPUTest2.app/$(BUNDLE_EXECUTABLE_FOLDER_PATH)/GPUTest2";
			};
			name = Release;
		};
		0AF395A62E10180100BE3F58 /* Debug */ = {
			isa = XCBuildConfiguration;
			buildSettings = {
				CODE_SIGN_STYLE = Automatic;
				CURRENT_PROJECT_VERSION = 1;
				DEVELOPMENT_TEAM = 9KDUS59PR5;
				GENERATE_INFOPLIST_FILE = YES;
				MARKETING_VERSION = 1.0;
				PRODUCT_BUNDLE_IDENTIFIER = com.blessing.channel.GPUTest2UITests;
				PRODUCT_NAME = "$(TARGET_NAME)";
				SWIFT_EMIT_LOC_STRINGS = NO;
				SWIFT_VERSION = 5.0;
				TEST_TARGET_NAME = GPUTest2;
			};
			name = Debug;
		};
		0AF395A72E10180100BE3F58 /* Release */ = {
			isa = XCBuildConfiguration;
			buildSettings = {
				CODE_SIGN_STYLE = Automatic;
				CURRENT_PROJECT_VERSION = 1;
				DEVELOPMENT_TEAM = 9KDUS59PR5;
				GENERATE_INFOPLIST_FILE = YES;
				MARKETING_VERSION = 1.0;
				PRODUCT_BUNDLE_IDENTIFIER = com.blessing.channel.GPUTest2UITests;
				PRODUCT_NAME = "$(TARGET_NAME)";
				SWIFT_EMIT_LOC_STRINGS = NO;
				SWIFT_VERSION = 5.0;
				TEST_TARGET_NAME = GPUTest2;
			};
			name = Release;
		};
/* End XCBuildConfiguration section */

/* Begin XCConfigurationList section */
		0AF395782E1017FF00BE3F58 /* Build configuration list for PBXProject "GPUTest2" */ = {
			isa = XCConfigurationList;
			buildConfigurations = (
				0AF3959D2E10180100BE3F58 /* Debug */,
				0AF3959E2E10180100BE3F58 /* Release */,
			);
			defaultConfigurationIsVisible = 0;
			defaultConfigurationName = Release;
		};
		0AF3959F2E10180100BE3F58 /* Build configuration list for PBXNativeTarget "GPUTest2" */ = {
			isa = XCConfigurationList;
			buildConfigurations = (
				0AF395A02E10180100BE3F58 /* Debug */,
				0AF395A12E10180100BE3F58 /* Release */,
			);
			defaultConfigurationIsVisible = 0;
			defaultConfigurationName = Release;
		};
		0AF395A22E10180100BE3F58 /* Build configuration list for PBXNativeTarget "GPUTest2Tests" */ = {
			isa = XCConfigurationList;
			buildConfigurations = (
				0AF395A32E10180100BE3F58 /* Debug */,
				0AF395A42E10180100BE3F58 /* Release */,
			);
			defaultConfigurationIsVisible = 0;
			defaultConfigurationName = Release;
		};
		0AF395A52E10180100BE3F58 /* Build configuration list for PBXNativeTarget "GPUTest2UITests" */ = {
			isa = XCConfigurationList;
			buildConfigurations = (
				0AF395A62E10180100BE3F58 /* Debug */,
				0AF395A72E10180100BE3F58 /* Release */,
			);
			defaultConfigurationIsVisible = 0;
			defaultConfigurationName = Release;
		};
/* End XCConfigurationList section */
	};
	rootObject = 0AF395752E1017FF00BE3F58 /* Project object */;
}
