// !$*UTF8*$!
{
	archiveVersion = 1;
	classes = {
	};
	objectVersion = 60;
	objects = {

/* Begin PBXBuildFile section */
		0A02C11E2DE94D1B00A03F04 /* NaverLoginDelegate.swift in Sources */ = {isa = PBXBuildFile; fileRef = 0A02C11D2DE94D1B00A03F04 /* NaverLoginDelegate.swift */; };
		0A0E958B2DE4A90B007DD546 /* CustomLoginButton.swift in Sources */ = {isa = PBXBuildFile; fileRef = 0A0E958A2DE4A90B007DD546 /* CustomLoginButton.swift */; };
		0A0E95902DE5F232007DD546 /* KakaoLoginView.swift in Sources */ = {isa = PBXBuildFile; fileRef = 0A0E958F2DE5F232007DD546 /* KakaoLoginView.swift */; };
		0A34C8722DE9572400E6CFAD /* KakaoSDKUser.framework in Frameworks */ = {isa = PBXBuildFile; fileRef = 0A34C8712DE9572400E6CFAD /* KakaoSDKUser.framework */; };
		0A34C8762DE9573200E6CFAD /* KakaoSDKCommon.framework in Frameworks */ = {isa = PBXBuildFile; fileRef = 0A34C8752DE9573200E6CFAD /* KakaoSDKCommon.framework */; };
		0A34C8782DE9573500E6CFAD /* KakaoSDKUser.framework in Frameworks */ = {isa = PBXBuildFile; fileRef = 0A34C8772DE9573500E6CFAD /* KakaoSDKUser.framework */; };
		0A34C87A2DE9573900E6CFAD /* NaverThirdPartyLogin.xcframework in Frameworks */ = {isa = PBXBuildFile; fileRef = 0A34C8792DE9573900E6CFAD /* NaverThirdPartyLogin.xcframework */; };
		0A44E0482DE4A13300E240CA /* AppDelegate.swift in Sources */ = {isa = PBXBuildFile; fileRef = 0A44E0472DE4A13300E240CA /* AppDelegate.swift */; };
		0A44E04B2DE4A1CD00E240CA /* User.swift in Sources */ = {isa = PBXBuildFile; fileRef = 0A44E04A2DE4A1CD00E240CA /* User.swift */; };
		0A44E04E2DE4A1F700E240CA /* MainScreenView.swift in Sources */ = {isa = PBXBuildFile; fileRef = 0A44E04D2DE4A1F700E240CA /* MainScreenView.swift */; };
		0A44E0502DE4A21D00E240CA /* DonationProgressView.swift in Sources */ = {isa = PBXBuildFile; fileRef = 0A44E04F2DE4A21D00E240CA /* DonationProgressView.swift */; };
		0A44E0522DE4A22E00E240CA /* NavigationBarView.swift in Sources */ = {isa = PBXBuildFile; fileRef = 0A44E0512DE4A22E00E240CA /* NavigationBarView.swift */; };
		0A6907972DEC8378003F748C /* RewardedAdManager.swift in Sources */ = {isa = PBXBuildFile; fileRef = 0A6907962DEC8378003F748C /* RewardedAdManager.swift */; };
		0A6907992DEC839F003F748C /* BannerAdView.swift in Sources */ = {isa = PBXBuildFile; fileRef = 0A6907982DEC839F003F748C /* BannerAdView.swift */; };
		0A69079B2DEE86ED003F748C /* MyPageView.swift in Sources */ = {isa = PBXBuildFile; fileRef = 0A69079A2DEE86ED003F748C /* MyPageView.swift */; };
		0A6E23C82DF5CFBF005D3136 /* BoardMainView.swift in Sources */ = {isa = PBXBuildFile; fileRef = 0A6E23C72DF5CFBF005D3136 /* BoardMainView.swift */; };
		0A6E23CA2DF5D185005D3136 /* PostCardView.swift in Sources */ = {isa = PBXBuildFile; fileRef = 0A6E23C92DF5D185005D3136 /* PostCardView.swift */; };
		0A6E23CD2DF8605A005D3136 /* CommentReaction.swift in Sources */ = {isa = PBXBuildFile; fileRef = 0A6E23CC2DF8605A005D3136 /* CommentReaction.swift */; };
		0A6E23D02DF86347005D3136 /* PagedPostResponse.swift in Sources */ = {isa = PBXBuildFile; fileRef = 0A6E23CF2DF86347005D3136 /* PagedPostResponse.swift */; };
		0AA77BDE2DE3416A0014B7AA /* ViewController.swift in Sources */ = {isa = PBXBuildFile; fileRef = 0AA77BDD2DE3416A0014B7AA /* ViewController.swift */; };
		0AA77BE32DE3416C0014B7AA /* Assets.xcassets in Resources */ = {isa = PBXBuildFile; fileRef = 0AA77BE22DE3416C0014B7AA /* Assets.xcassets */; };
		0AA77BE62DE3416C0014B7AA /* LaunchScreen.storyboard in Resources */ = {isa = PBXBuildFile; fileRef = 0AA77BE42DE3416C0014B7AA /* LaunchScreen.storyboard */; };
		0AA77BF12DE3416C0014B7AA /* BlessingChannelTests.swift in Sources */ = {isa = PBXBuildFile; fileRef = 0AA77BF02DE3416C0014B7AA /* BlessingChannelTests.swift */; };
		0AA77BFB2DE3416C0014B7AA /* BlessingChannelUITests.swift in Sources */ = {isa = PBXBuildFile; fileRef = 0AA77BFA2DE3416C0014B7AA /* BlessingChannelUITests.swift */; };
		0AA77BFD2DE3416C0014B7AA /* BlessingChannelUITestsLaunchTests.swift in Sources */ = {isa = PBXBuildFile; fileRef = 0AA77BFC2DE3416C0014B7AA /* BlessingChannelUITestsLaunchTests.swift */; };
		0AA77C0B2DE342150014B7AA /* LoginView.swift in Sources */ = {isa = PBXBuildFile; fileRef = 0AA77C0A2DE342150014B7AA /* LoginView.swift */; };
		0AA77C0E2DE342420014B7AA /* Color+Extension.swift in Sources */ = {isa = PBXBuildFile; fileRef = 0AA77C0D2DE342420014B7AA /* Color+Extension.swift */; };
		0AA77C102DE342590014B7AA /* BlessingChannelApp.swift in Sources */ = {isa = PBXBuildFile; fileRef = 0AA77C0F2DE342590014B7AA /* BlessingChannelApp.swift */; };
		0AF74C8C2DF1DE3400D3B1AB /* RankedUser.swift in Sources */ = {isa = PBXBuildFile; fileRef = 0AF74C8B2DF1DE3400D3B1AB /* RankedUser.swift */; };
		0AF74C912DF3F27F00D3B1AB /* BoardViewModel.swift in Sources */ = {isa = PBXBuildFile; fileRef = 0AF74C902DF3F27F00D3B1AB /* BoardViewModel.swift */; };
		0AF74C932DF3F29C00D3B1AB /* BoardPost.swift in Sources */ = {isa = PBXBuildFile; fileRef = 0AF74C922DF3F29C00D3B1AB /* BoardPost.swift */; };
		0AF74C952DF3F2B800D3B1AB /* PostFormView.swift in Sources */ = {isa = PBXBuildFile; fileRef = 0AF74C942DF3F2B800D3B1AB /* PostFormView.swift */; };
		2203E4A7A7C847AB92516E16 /* Pods_BlessingChannel.framework in Frameworks */ = {isa = PBXBuildFile; fileRef = B89553D7AEE625695218B666 /* Pods_BlessingChannel.framework */; };
		225816B3296EE350BCDB4A6D /* Pods_BlessingChannelTests.framework in Frameworks */ = {isa = PBXBuildFile; fileRef = 00C6411A980EC1A18BFF05CB /* Pods_BlessingChannelTests.framework */; };
		D3F61DD3C1FE658AA9357CC2 /* Pods_BlessingChannel_BlessingChannelUITests.framework in Frameworks */ = {isa = PBXBuildFile; fileRef = 541D8C8C9690C5D0037C2C12 /* Pods_BlessingChannel_BlessingChannelUITests.framework */; };
/* End PBXBuildFile section */

/* Begin PBXContainerItemProxy section */
		0AA77BED2DE3416C0014B7AA /* PBXContainerItemProxy */ = {
			isa = PBXContainerItemProxy;
			containerPortal = 0AA77BCE2DE3416A0014B7AA /* Project object */;
			proxyType = 1;
			remoteGlobalIDString = 0AA77BD52DE3416A0014B7AA;
			remoteInfo = BlessingChannel;
		};
		0AA77BF72DE3416C0014B7AA /* PBXContainerItemProxy */ = {
			isa = PBXContainerItemProxy;
			containerPortal = 0AA77BCE2DE3416A0014B7AA /* Project object */;
			proxyType = 1;
			remoteGlobalIDString = 0AA77BD52DE3416A0014B7AA;
			remoteInfo = BlessingChannel;
		};
/* End PBXContainerItemProxy section */

/* Begin PBXFileReference section */
		00C6411A980EC1A18BFF05CB /* Pods_BlessingChannelTests.framework */ = {isa = PBXFileReference; explicitFileType = wrapper.framework; includeInIndex = 0; path = Pods_BlessingChannelTests.framework; sourceTree = BUILT_PRODUCTS_DIR; };
		0A02C11D2DE94D1B00A03F04 /* NaverLoginDelegate.swift */ = {isa = PBXFileReference; lastKnownFileType = sourcecode.swift; path = NaverLoginDelegate.swift; sourceTree = "<group>"; };
		0A0E958A2DE4A90B007DD546 /* CustomLoginButton.swift */ = {isa = PBXFileReference; lastKnownFileType = sourcecode.swift; path = CustomLoginButton.swift; sourceTree = "<group>"; };
		0A0E958F2DE5F232007DD546 /* KakaoLoginView.swift */ = {isa = PBXFileReference; lastKnownFileType = sourcecode.swift; path = KakaoLoginView.swift; sourceTree = "<group>"; };
		0A34C8712DE9572400E6CFAD /* KakaoSDKUser.framework */ = {isa = PBXFileReference; explicitFileType = wrapper.framework; path = KakaoSDKUser.framework; sourceTree = BUILT_PRODUCTS_DIR; };
		0A34C8732DE9572900E6CFAD /* KakaoSDKAuth.framework */ = {isa = PBXFileReference; explicitFileType = wrapper.framework; path = KakaoSDKAuth.framework; sourceTree = BUILT_PRODUCTS_DIR; };
		0A34C8752DE9573200E6CFAD /* KakaoSDKCommon.framework */ = {isa = PBXFileReference; explicitFileType = wrapper.framework; path = KakaoSDKCommon.framework; sourceTree = BUILT_PRODUCTS_DIR; };
		0A34C8772DE9573500E6CFAD /* KakaoSDKUser.framework */ = {isa = PBXFileReference; explicitFileType = wrapper.framework; path = KakaoSDKUser.framework; sourceTree = BUILT_PRODUCTS_DIR; };
		0A34C8792DE9573900E6CFAD /* NaverThirdPartyLogin.xcframework */ = {isa = PBXFileReference; expectedSignature = "AppleDeveloperProgram:U6VV7FMD97:NHN Corporation"; lastKnownFileType = wrapper.xcframework; name = NaverThirdPartyLogin.xcframework; path = "Pods/naveridlogin-sdk-ios/NaverThirdPartyLogin.xcframework"; sourceTree = "<group>"; };
		0A44E0472DE4A13300E240CA /* AppDelegate.swift */ = {isa = PBXFileReference; lastKnownFileType = sourcecode.swift; path = AppDelegate.swift; sourceTree = "<group>"; };
		0A44E04A2DE4A1CD00E240CA /* User.swift */ = {isa = PBXFileReference; lastKnownFileType = sourcecode.swift; path = User.swift; sourceTree = "<group>"; };
		0A44E04D2DE4A1F700E240CA /* MainScreenView.swift */ = {isa = PBXFileReference; lastKnownFileType = sourcecode.swift; path = MainScreenView.swift; sourceTree = "<group>"; };
		0A44E04F2DE4A21D00E240CA /* DonationProgressView.swift */ = {isa = PBXFileReference; lastKnownFileType = sourcecode.swift; path = DonationProgressView.swift; sourceTree = "<group>"; };
		0A44E0512DE4A22E00E240CA /* NavigationBarView.swift */ = {isa = PBXFileReference; lastKnownFileType = sourcecode.swift; path = NavigationBarView.swift; sourceTree = "<group>"; };
		0A6907962DEC8378003F748C /* RewardedAdManager.swift */ = {isa = PBXFileReference; lastKnownFileType = sourcecode.swift; path = RewardedAdManager.swift; sourceTree = "<group>"; };
		0A6907982DEC839F003F748C /* BannerAdView.swift */ = {isa = PBXFileReference; lastKnownFileType = sourcecode.swift; path = BannerAdView.swift; sourceTree = "<group>"; };
		0A69079A2DEE86ED003F748C /* MyPageView.swift */ = {isa = PBXFileReference; lastKnownFileType = sourcecode.swift; path = MyPageView.swift; sourceTree = "<group>"; };
		0A6E23C72DF5CFBF005D3136 /* BoardMainView.swift */ = {isa = PBXFileReference; lastKnownFileType = sourcecode.swift; path = BoardMainView.swift; sourceTree = "<group>"; };
		0A6E23C92DF5D185005D3136 /* PostCardView.swift */ = {isa = PBXFileReference; lastKnownFileType = sourcecode.swift; path = PostCardView.swift; sourceTree = "<group>"; };
		0A6E23CB2DF7253C005D3136 /* BlessingChannel.entitlements */ = {isa = PBXFileReference; lastKnownFileType = text.plist.entitlements; path = BlessingChannel.entitlements; sourceTree = "<group>"; };
		0A6E23CC2DF8605A005D3136 /* CommentReaction.swift */ = {isa = PBXFileReference; lastKnownFileType = sourcecode.swift; path = CommentReaction.swift; sourceTree = "<group>"; };
		0A6E23CF2DF86347005D3136 /* PagedPostResponse.swift */ = {isa = PBXFileReference; lastKnownFileType = sourcecode.swift; path = PagedPostResponse.swift; sourceTree = "<group>"; };
		0AA77BD62DE3416A0014B7AA /* BlessingChannel.app */ = {isa = PBXFileReference; explicitFileType = wrapper.application; includeInIndex = 0; path = BlessingChannel.app; sourceTree = BUILT_PRODUCTS_DIR; };
		0AA77BDD2DE3416A0014B7AA /* ViewController.swift */ = {isa = PBXFileReference; lastKnownFileType = sourcecode.swift; path = ViewController.swift; sourceTree = "<group>"; };
		0AA77BE22DE3416C0014B7AA /* Assets.xcassets */ = {isa = PBXFileReference; lastKnownFileType = folder.assetcatalog; path = Assets.xcassets; sourceTree = "<group>"; };
		0AA77BE52DE3416C0014B7AA /* Base */ = {isa = PBXFileReference; lastKnownFileType = file.storyboard; name = Base; path = Base.lproj/LaunchScreen.storyboard; sourceTree = "<group>"; };
		0AA77BE72DE3416C0014B7AA /* Info.plist */ = {isa = PBXFileReference; lastKnownFileType = text.plist.xml; path = Info.plist; sourceTree = "<group>"; };
		0AA77BEC2DE3416C0014B7AA /* BlessingChannelTests.xctest */ = {isa = PBXFileReference; explicitFileType = wrapper.cfbundle; includeInIndex = 0; path = BlessingChannelTests.xctest; sourceTree = BUILT_PRODUCTS_DIR; };
		0AA77BF02DE3416C0014B7AA /* BlessingChannelTests.swift */ = {isa = PBXFileReference; lastKnownFileType = sourcecode.swift; path = BlessingChannelTests.swift; sourceTree = "<group>"; };
		0AA77BF62DE3416C0014B7AA /* BlessingChannelUITests.xctest */ = {isa = PBXFileReference; explicitFileType = wrapper.cfbundle; includeInIndex = 0; path = BlessingChannelUITests.xctest; sourceTree = BUILT_PRODUCTS_DIR; };
		0AA77BFA2DE3416C0014B7AA /* BlessingChannelUITests.swift */ = {isa = PBXFileReference; lastKnownFileType = sourcecode.swift; path = BlessingChannelUITests.swift; sourceTree = "<group>"; };
		0AA77BFC2DE3416C0014B7AA /* BlessingChannelUITestsLaunchTests.swift */ = {isa = PBXFileReference; lastKnownFileType = sourcecode.swift; path = BlessingChannelUITestsLaunchTests.swift; sourceTree = "<group>"; };
		0AA77C0A2DE342150014B7AA /* LoginView.swift */ = {isa = PBXFileReference; lastKnownFileType = sourcecode.swift; path = LoginView.swift; sourceTree = "<group>"; };
		0AA77C0D2DE342420014B7AA /* Color+Extension.swift */ = {isa = PBXFileReference; lastKnownFileType = sourcecode.swift; path = "Color+Extension.swift"; sourceTree = "<group>"; };
		0AA77C0F2DE342590014B7AA /* BlessingChannelApp.swift */ = {isa = PBXFileReference; lastKnownFileType = sourcecode.swift; path = BlessingChannelApp.swift; sourceTree = "<group>"; };
		0AF74C8B2DF1DE3400D3B1AB /* RankedUser.swift */ = {isa = PBXFileReference; lastKnownFileType = sourcecode.swift; path = RankedUser.swift; sourceTree = "<group>"; };
		0AF74C902DF3F27F00D3B1AB /* BoardViewModel.swift */ = {isa = PBXFileReference; lastKnownFileType = sourcecode.swift; path = BoardViewModel.swift; sourceTree = "<group>"; };
		0AF74C922DF3F29C00D3B1AB /* BoardPost.swift */ = {isa = PBXFileReference; lastKnownFileType = sourcecode.swift; path = BoardPost.swift; sourceTree = "<group>"; };
		0AF74C942DF3F2B800D3B1AB /* PostFormView.swift */ = {isa = PBXFileReference; lastKnownFileType = sourcecode.swift; path = PostFormView.swift; sourceTree = "<group>"; };
		3849A8776BD76518E1EFF522 /* Pods-BlessingChannel.debug.xcconfig */ = {isa = PBXFileReference; includeInIndex = 1; lastKnownFileType = text.xcconfig; name = "Pods-BlessingChannel.debug.xcconfig"; path = "Target Support Files/Pods-BlessingChannel/Pods-BlessingChannel.debug.xcconfig"; sourceTree = "<group>"; };
		541D8C8C9690C5D0037C2C12 /* Pods_BlessingChannel_BlessingChannelUITests.framework */ = {isa = PBXFileReference; explicitFileType = wrapper.framework; includeInIndex = 0; path = Pods_BlessingChannel_BlessingChannelUITests.framework; sourceTree = BUILT_PRODUCTS_DIR; };
		955ECBDAB991940BD90BD391 /* Pods-BlessingChannelTests.debug.xcconfig */ = {isa = PBXFileReference; includeInIndex = 1; lastKnownFileType = text.xcconfig; name = "Pods-BlessingChannelTests.debug.xcconfig"; path = "Target Support Files/Pods-BlessingChannelTests/Pods-BlessingChannelTests.debug.xcconfig"; sourceTree = "<group>"; };
		97C5A0018BBD6C80BD2256CA /* Pods-BlessingChannel-BlessingChannelUITests.release.xcconfig */ = {isa = PBXFileReference; includeInIndex = 1; lastKnownFileType = text.xcconfig; name = "Pods-BlessingChannel-BlessingChannelUITests.release.xcconfig"; path = "Target Support Files/Pods-BlessingChannel-BlessingChannelUITests/Pods-BlessingChannel-BlessingChannelUITests.release.xcconfig"; sourceTree = "<group>"; };
		B89553D7AEE625695218B666 /* Pods_BlessingChannel.framework */ = {isa = PBXFileReference; explicitFileType = wrapper.framework; includeInIndex = 0; path = Pods_BlessingChannel.framework; sourceTree = BUILT_PRODUCTS_DIR; };
		DADE080BB29CB28E80943E33 /* Pods-BlessingChannel-BlessingChannelUITests.debug.xcconfig */ = {isa = PBXFileReference; includeInIndex = 1; lastKnownFileType = text.xcconfig; name = "Pods-BlessingChannel-BlessingChannelUITests.debug.xcconfig"; path = "Target Support Files/Pods-BlessingChannel-BlessingChannelUITests/Pods-BlessingChannel-BlessingChannelUITests.debug.xcconfig"; sourceTree = "<group>"; };
		DEB38C706FB030FD2FF8E68A /* Pods-BlessingChannelTests.release.xcconfig */ = {isa = PBXFileReference; includeInIndex = 1; lastKnownFileType = text.xcconfig; name = "Pods-BlessingChannelTests.release.xcconfig"; path = "Target Support Files/Pods-BlessingChannelTests/Pods-BlessingChannelTests.release.xcconfig"; sourceTree = "<group>"; };
		DF589F74C6AD1C0495CFB3E5 /* Pods-BlessingChannel.release.xcconfig */ = {isa = PBXFileReference; includeInIndex = 1; lastKnownFileType = text.xcconfig; name = "Pods-BlessingChannel.release.xcconfig"; path = "Target Support Files/Pods-BlessingChannel/Pods-BlessingChannel.release.xcconfig"; sourceTree = "<group>"; };
/* End PBXFileReference section */

/* Begin PBXFrameworksBuildPhase section */
		0AA77BD32DE3416A0014B7AA /* Frameworks */ = {
			isa = PBXFrameworksBuildPhase;
			buildActionMask = 2147483647;
			files = (
				0A34C87A2DE9573900E6CFAD /* NaverThirdPartyLogin.xcframework in Frameworks */,
				0A34C8782DE9573500E6CFAD /* KakaoSDKUser.framework in Frameworks */,
				0A34C8762DE9573200E6CFAD /* KakaoSDKCommon.framework in Frameworks */,
				0A34C8722DE9572400E6CFAD /* KakaoSDKUser.framework in Frameworks */,
				2203E4A7A7C847AB92516E16 /* Pods_BlessingChannel.framework in Frameworks */,
			);
			runOnlyForDeploymentPostprocessing = 0;
		};
		0AA77BE92DE3416C0014B7AA /* Frameworks */ = {
			isa = PBXFrameworksBuildPhase;
			buildActionMask = 2147483647;
			files = (
				225816B3296EE350BCDB4A6D /* Pods_BlessingChannelTests.framework in Frameworks */,
			);
			runOnlyForDeploymentPostprocessing = 0;
		};
		0AA77BF32DE3416C0014B7AA /* Frameworks */ = {
			isa = PBXFrameworksBuildPhase;
			buildActionMask = 2147483647;
			files = (
				D3F61DD3C1FE658AA9357CC2 /* Pods_BlessingChannel_BlessingChannelUITests.framework in Frameworks */,
			);
			runOnlyForDeploymentPostprocessing = 0;
		};
/* End PBXFrameworksBuildPhase section */

/* Begin PBXGroup section */
		0A0E958C2DE4A926007DD546 /* ViewComponents */ = {
			isa = PBXGroup;
			children = (
			);
			path = ViewComponents;
			sourceTree = "<group>";
		};
		0A44E0492DE4A1BE00E240CA /* Model */ = {
			isa = PBXGroup;
			children = (
				0A44E04A2DE4A1CD00E240CA /* User.swift */,
				0AF74C8B2DF1DE3400D3B1AB /* RankedUser.swift */,
			);
			path = Model;
			sourceTree = "<group>";
		};
		0A44E04C2DE4A1EC00E240CA /* View */ = {
			isa = PBXGroup;
			children = (
				0AF74C972DF3F2EA00D3B1AB /* my */,
				0AF74C962DF3F2DD00D3B1AB /* main */,
				0AF74C8D2DF3F20700D3B1AB /* board */,
				0A44E04F2DE4A21D00E240CA /* DonationProgressView.swift */,
				0A44E0512DE4A22E00E240CA /* NavigationBarView.swift */,
				0A0E958F2DE5F232007DD546 /* KakaoLoginView.swift */,
				0A02C11D2DE94D1B00A03F04 /* NaverLoginDelegate.swift */,
			);
			path = View;
			sourceTree = "<group>";
		};
		0A6907952DEC8367003F748C /* Ad */ = {
			isa = PBXGroup;
			children = (
				0A6907962DEC8378003F748C /* RewardedAdManager.swift */,
				0A6907982DEC839F003F748C /* BannerAdView.swift */,
			);
			path = Ad;
			sourceTree = "<group>";
		};
		0A6E23CE2DF8633D005D3136 /* model */ = {
			isa = PBXGroup;
			children = (
				0A6E23CF2DF86347005D3136 /* PagedPostResponse.swift */,
			);
			path = model;
			sourceTree = "<group>";
		};
		0AA77BCD2DE3416A0014B7AA = {
			isa = PBXGroup;
			children = (
				0AA77BD82DE3416A0014B7AA /* BlessingChannel */,
				0AA77BEF2DE3416C0014B7AA /* BlessingChannelTests */,
				0AA77BF92DE3416C0014B7AA /* BlessingChannelUITests */,
				0AA77BD72DE3416A0014B7AA /* Products */,
				636DE52BC84DA799741ADAF5 /* Pods */,
				74FAC88C3EF15147BCA7FE84 /* Frameworks */,
			);
			sourceTree = "<group>";
		};
		0AA77BD72DE3416A0014B7AA /* Products */ = {
			isa = PBXGroup;
			children = (
				0AA77BD62DE3416A0014B7AA /* BlessingChannel.app */,
				0AA77BEC2DE3416C0014B7AA /* BlessingChannelTests.xctest */,
				0AA77BF62DE3416C0014B7AA /* BlessingChannelUITests.xctest */,
			);
			name = Products;
			sourceTree = "<group>";
		};
		0AA77BD82DE3416A0014B7AA /* BlessingChannel */ = {
			isa = PBXGroup;
			children = (
				0A6E23CB2DF7253C005D3136 /* BlessingChannel.entitlements */,
				0A6907952DEC8367003F748C /* Ad */,
				0A0E958C2DE4A926007DD546 /* ViewComponents */,
				0A44E04C2DE4A1EC00E240CA /* View */,
				0A44E0492DE4A1BE00E240CA /* Model */,
				0AA77C0C2DE3422E0014B7AA /* Utils */,
				0AA77C092DE341D60014B7AA /* Login */,
				0AA77BDD2DE3416A0014B7AA /* ViewController.swift */,
				0AA77BE22DE3416C0014B7AA /* Assets.xcassets */,
				0AA77BE42DE3416C0014B7AA /* LaunchScreen.storyboard */,
				0AA77BE72DE3416C0014B7AA /* Info.plist */,
				0AA77C0F2DE342590014B7AA /* BlessingChannelApp.swift */,
				0A44E0472DE4A13300E240CA /* AppDelegate.swift */,
			);
			path = BlessingChannel;
			sourceTree = "<group>";
		};
		0AA77BEF2DE3416C0014B7AA /* BlessingChannelTests */ = {
			isa = PBXGroup;
			children = (
				0AA77BF02DE3416C0014B7AA /* BlessingChannelTests.swift */,
			);
			path = BlessingChannelTests;
			sourceTree = "<group>";
		};
		0AA77BF92DE3416C0014B7AA /* BlessingChannelUITests */ = {
			isa = PBXGroup;
			children = (
				0AA77BFA2DE3416C0014B7AA /* BlessingChannelUITests.swift */,
				0AA77BFC2DE3416C0014B7AA /* BlessingChannelUITestsLaunchTests.swift */,
			);
			path = BlessingChannelUITests;
			sourceTree = "<group>";
		};
		0AA77C092DE341D60014B7AA /* Login */ = {
			isa = PBXGroup;
			children = (
				0AA77C0A2DE342150014B7AA /* LoginView.swift */,
				0A0E958A2DE4A90B007DD546 /* CustomLoginButton.swift */,
			);
			path = Login;
			sourceTree = "<group>";
		};
		0AA77C0C2DE3422E0014B7AA /* Utils */ = {
			isa = PBXGroup;
			children = (
				0AA77C0D2DE342420014B7AA /* Color+Extension.swift */,
			);
			path = Utils;
			sourceTree = "<group>";
		};
		0AF74C8D2DF3F20700D3B1AB /* board */ = {
			isa = PBXGroup;
			children = (
				0A6E23CE2DF8633D005D3136 /* model */,
				0AF74C902DF3F27F00D3B1AB /* BoardViewModel.swift */,
				0AF74C922DF3F29C00D3B1AB /* BoardPost.swift */,
				0AF74C942DF3F2B800D3B1AB /* PostFormView.swift */,
				0A6E23C92DF5D185005D3136 /* PostCardView.swift */,
				0A6E23CC2DF8605A005D3136 /* CommentReaction.swift */,
			);
			path = board;
			sourceTree = "<group>";
		};
		0AF74C962DF3F2DD00D3B1AB /* main */ = {
			isa = PBXGroup;
			children = (
				0A44E04D2DE4A1F700E240CA /* MainScreenView.swift */,
				0A6E23C72DF5CFBF005D3136 /* BoardMainView.swift */,
			);
			path = main;
			sourceTree = "<group>";
		};
		0AF74C972DF3F2EA00D3B1AB /* my */ = {
			isa = PBXGroup;
			children = (
				0A69079A2DEE86ED003F748C /* MyPageView.swift */,
			);
			path = my;
			sourceTree = "<group>";
		};
		636DE52BC84DA799741ADAF5 /* Pods */ = {
			isa = PBXGroup;
			children = (
				3849A8776BD76518E1EFF522 /* Pods-BlessingChannel.debug.xcconfig */,
				DF589F74C6AD1C0495CFB3E5 /* Pods-BlessingChannel.release.xcconfig */,
				DADE080BB29CB28E80943E33 /* Pods-BlessingChannel-BlessingChannelUITests.debug.xcconfig */,
				97C5A0018BBD6C80BD2256CA /* Pods-BlessingChannel-BlessingChannelUITests.release.xcconfig */,
				955ECBDAB991940BD90BD391 /* Pods-BlessingChannelTests.debug.xcconfig */,
				DEB38C706FB030FD2FF8E68A /* Pods-BlessingChannelTests.release.xcconfig */,
			);
			path = Pods;
			sourceTree = "<group>";
		};
		74FAC88C3EF15147BCA7FE84 /* Frameworks */ = {
			isa = PBXGroup;
			children = (
				0A34C8792DE9573900E6CFAD /* NaverThirdPartyLogin.xcframework */,
				0A34C8772DE9573500E6CFAD /* KakaoSDKUser.framework */,
				0A34C8752DE9573200E6CFAD /* KakaoSDKCommon.framework */,
				0A34C8732DE9572900E6CFAD /* KakaoSDKAuth.framework */,
				0A34C8712DE9572400E6CFAD /* KakaoSDKUser.framework */,
				B89553D7AEE625695218B666 /* Pods_BlessingChannel.framework */,
				541D8C8C9690C5D0037C2C12 /* Pods_BlessingChannel_BlessingChannelUITests.framework */,
				00C6411A980EC1A18BFF05CB /* Pods_BlessingChannelTests.framework */,
			);
			name = Frameworks;
			sourceTree = "<group>";
		};
/* End PBXGroup section */

/* Begin PBXNativeTarget section */
		0AA77BD52DE3416A0014B7AA /* BlessingChannel */ = {
			isa = PBXNativeTarget;
			buildConfigurationList = 0AA77C002DE3416C0014B7AA /* Build configuration list for PBXNativeTarget "BlessingChannel" */;
			buildPhases = (
				114FF97521A20FF12330BEE3 /* [CP] Check Pods Manifest.lock */,
				0AA77BD32DE3416A0014B7AA /* Frameworks */,
				0AA77BD42DE3416A0014B7AA /* Resources */,
				0AA77BD22DE3416A0014B7AA /* Sources */,
				0A69079C2DEE93B0003F748C /* ShellScript */,
				DD04B28235E01CFDADE9469B /* [CP] Embed Pods Frameworks */,
				FBF140699237CC23DDCEB891 /* [CP] Copy Pods Resources */,
			);
			buildRules = (
			);
			dependencies = (
			);
			name = BlessingChannel;
			productName = BlessingChannel;
			productReference = 0AA77BD62DE3416A0014B7AA /* BlessingChannel.app */;
			productType = "com.apple.product-type.application";
		};
		0AA77BEB2DE3416C0014B7AA /* BlessingChannelTests */ = {
			isa = PBXNativeTarget;
			buildConfigurationList = 0AA77C032DE3416C0014B7AA /* Build configuration list for PBXNativeTarget "BlessingChannelTests" */;
			buildPhases = (
				345348C51A98216632B66DC2 /* [CP] Check Pods Manifest.lock */,
				0AA77BE82DE3416C0014B7AA /* Sources */,
				0AA77BE92DE3416C0014B7AA /* Frameworks */,
				0AA77BEA2DE3416C0014B7AA /* Resources */,
			);
			buildRules = (
			);
			dependencies = (
				0AA77BEE2DE3416C0014B7AA /* PBXTargetDependency */,
			);
			name = BlessingChannelTests;
			productName = BlessingChannelTests;
			productReference = 0AA77BEC2DE3416C0014B7AA /* BlessingChannelTests.xctest */;
			productType = "com.apple.product-type.bundle.unit-test";
		};
		0AA77BF52DE3416C0014B7AA /* BlessingChannelUITests */ = {
			isa = PBXNativeTarget;
			buildConfigurationList = 0AA77C062DE3416C0014B7AA /* Build configuration list for PBXNativeTarget "BlessingChannelUITests" */;
			buildPhases = (
				E3D8119683513000F3F93AF8 /* [CP] Check Pods Manifest.lock */,
				0AA77BF22DE3416C0014B7AA /* Sources */,
				0AA77BF32DE3416C0014B7AA /* Frameworks */,
				0AA77BF42DE3416C0014B7AA /* Resources */,
				8444021939FA3F2EF26B019E /* [CP] Embed Pods Frameworks */,
				E7E9C372D8369000945EF065 /* [CP] Copy Pods Resources */,
			);
			buildRules = (
			);
			dependencies = (
				0AA77BF82DE3416C0014B7AA /* PBXTargetDependency */,
			);
			name = BlessingChannelUITests;
			productName = BlessingChannelUITests;
			productReference = 0AA77BF62DE3416C0014B7AA /* BlessingChannelUITests.xctest */;
			productType = "com.apple.product-type.bundle.ui-testing";
		};
/* End PBXNativeTarget section */

/* Begin PBXProject section */
		0AA77BCE2DE3416A0014B7AA /* Project object */ = {
			isa = PBXProject;
			attributes = {
				BuildIndependentTargetsInParallel = 1;
				LastSwiftUpdateCheck = 1500;
				LastUpgradeCheck = 1500;
				TargetAttributes = {
					0AA77BD52DE3416A0014B7AA = {
						CreatedOnToolsVersion = 15.0.1;
					};
					0AA77BEB2DE3416C0014B7AA = {
						CreatedOnToolsVersion = 15.0.1;
						TestTargetID = 0AA77BD52DE3416A0014B7AA;
					};
					0AA77BF52DE3416C0014B7AA = {
						CreatedOnToolsVersion = 15.0.1;
						TestTargetID = 0AA77BD52DE3416A0014B7AA;
					};
				};
			};
			buildConfigurationList = 0AA77BD12DE3416A0014B7AA /* Build configuration list for PBXProject "BlessingChannel" */;
			compatibilityVersion = "Xcode 14.0";
			developmentRegion = en;
			hasScannedForEncodings = 0;
			knownRegions = (
				en,
				Base,
			);
			mainGroup = 0AA77BCD2DE3416A0014B7AA;
			productRefGroup = 0AA77BD72DE3416A0014B7AA /* Products */;
			projectDirPath = "";
			projectRoot = "";
			targets = (
				0AA77BD52DE3416A0014B7AA /* BlessingChannel */,
				0AA77BEB2DE3416C0014B7AA /* BlessingChannelTests */,
				0AA77BF52DE3416C0014B7AA /* BlessingChannelUITests */,
			);
		};
/* End PBXProject section */

/* Begin PBXResourcesBuildPhase section */
		0AA77BD42DE3416A0014B7AA /* Resources */ = {
			isa = PBXResourcesBuildPhase;
			buildActionMask = 2147483647;
			files = (
				0AA77BE62DE3416C0014B7AA /* LaunchScreen.storyboard in Resources */,
				0AA77BE32DE3416C0014B7AA /* Assets.xcassets in Resources */,
			);
			runOnlyForDeploymentPostprocessing = 0;
		};
		0AA77BEA2DE3416C0014B7AA /* Resources */ = {
			isa = PBXResourcesBuildPhase;
			buildActionMask = 2147483647;
			files = (
			);
			runOnlyForDeploymentPostprocessing = 0;
		};
		0AA77BF42DE3416C0014B7AA /* Resources */ = {
			isa = PBXResourcesBuildPhase;
			buildActionMask = 2147483647;
			files = (
			);
			runOnlyForDeploymentPostprocessing = 0;
		};
/* End PBXResourcesBuildPhase section */

/* Begin PBXShellScriptBuildPhase section */
		0A69079C2DEE93B0003F748C /* ShellScript */ = {
			isa = PBXShellScriptBuildPhase;
			alwaysOutOfDate = 1;
			buildActionMask = 2147483647;
			files = (
			);
			inputFileListPaths = (
			);
			inputPaths = (
			);
			outputFileListPaths = (
			);
			outputPaths = (
			);
			runOnlyForDeploymentPostprocessing = 0;
			shellPath = /bin/sh;
			shellScript = "# Type a script or drag a script file from your workspace to insert its path.\necho \"✅ Run script executed\"\n";
		};
		114FF97521A20FF12330BEE3 /* [CP] Check Pods Manifest.lock */ = {
			isa = PBXShellScriptBuildPhase;
			buildActionMask = 2147483647;
			files = (
			);
			inputFileListPaths = (
			);
			inputPaths = (
				"${PODS_PODFILE_DIR_PATH}/Podfile.lock",
				"${PODS_ROOT}/Manifest.lock",
			);
			name = "[CP] Check Pods Manifest.lock";
			outputFileListPaths = (
			);
			outputPaths = (
				"$(DERIVED_FILE_DIR)/Pods-BlessingChannel-checkManifestLockResult.txt",
			);
			runOnlyForDeploymentPostprocessing = 0;
			shellPath = /bin/sh;
			shellScript = "diff \"${PODS_PODFILE_DIR_PATH}/Podfile.lock\" \"${PODS_ROOT}/Manifest.lock\" > /dev/null\nif [ $? != 0 ] ; then\n    # print error to STDERR\n    echo \"error: The sandbox is not in sync with the Podfile.lock. Run 'pod install' or update your CocoaPods installation.\" >&2\n    exit 1\nfi\n# This output is used by Xcode 'outputs' to avoid re-running this script phase.\necho \"SUCCESS\" > \"${SCRIPT_OUTPUT_FILE_0}\"\n";
			showEnvVarsInLog = 0;
		};
		345348C51A98216632B66DC2 /* [CP] Check Pods Manifest.lock */ = {
			isa = PBXShellScriptBuildPhase;
			buildActionMask = 2147483647;
			files = (
			);
			inputFileListPaths = (
			);
			inputPaths = (
				"${PODS_PODFILE_DIR_PATH}/Podfile.lock",
				"${PODS_ROOT}/Manifest.lock",
			);
			name = "[CP] Check Pods Manifest.lock";
			outputFileListPaths = (
			);
			outputPaths = (
				"$(DERIVED_FILE_DIR)/Pods-BlessingChannelTests-checkManifestLockResult.txt",
			);
			runOnlyForDeploymentPostprocessing = 0;
			shellPath = /bin/sh;
			shellScript = "diff \"${PODS_PODFILE_DIR_PATH}/Podfile.lock\" \"${PODS_ROOT}/Manifest.lock\" > /dev/null\nif [ $? != 0 ] ; then\n    # print error to STDERR\n    echo \"error: The sandbox is not in sync with the Podfile.lock. Run 'pod install' or update your CocoaPods installation.\" >&2\n    exit 1\nfi\n# This output is used by Xcode 'outputs' to avoid re-running this script phase.\necho \"SUCCESS\" > \"${SCRIPT_OUTPUT_FILE_0}\"\n";
			showEnvVarsInLog = 0;
		};
		8444021939FA3F2EF26B019E /* [CP] Embed Pods Frameworks */ = {
			isa = PBXShellScriptBuildPhase;
			buildActionMask = 2147483647;
			files = (
			);
			inputFileListPaths = (
				"${PODS_ROOT}/Target Support Files/Pods-BlessingChannel-BlessingChannelUITests/Pods-BlessingChannel-BlessingChannelUITests-frameworks-${CONFIGURATION}-input-files.xcfilelist",
			);
			inputPaths = (
			);
			name = "[CP] Embed Pods Frameworks";
			outputFileListPaths = (
				"${PODS_ROOT}/Target Support Files/Pods-BlessingChannel-BlessingChannelUITests/Pods-BlessingChannel-BlessingChannelUITests-frameworks-${CONFIGURATION}-output-files.xcfilelist",
			);
			outputPaths = (
			);
			runOnlyForDeploymentPostprocessing = 0;
			shellPath = /bin/sh;
			shellScript = "\"${PODS_ROOT}/Target Support Files/Pods-BlessingChannel-BlessingChannelUITests/Pods-BlessingChannel-BlessingChannelUITests-frameworks.sh\"\n";
			showEnvVarsInLog = 0;
		};
		DD04B28235E01CFDADE9469B /* [CP] Embed Pods Frameworks */ = {
			isa = PBXShellScriptBuildPhase;
			buildActionMask = 2147483647;
			files = (
			);
			inputFileListPaths = (
				"${PODS_ROOT}/Target Support Files/Pods-BlessingChannel/Pods-BlessingChannel-frameworks-${CONFIGURATION}-input-files.xcfilelist",
			);
			inputPaths = (
			);
			name = "[CP] Embed Pods Frameworks";
			outputFileListPaths = (
				"${PODS_ROOT}/Target Support Files/Pods-BlessingChannel/Pods-BlessingChannel-frameworks-${CONFIGURATION}-output-files.xcfilelist",
			);
			outputPaths = (
			);
			runOnlyForDeploymentPostprocessing = 0;
			shellPath = /bin/sh;
			shellScript = "\"${PODS_ROOT}/Target Support Files/Pods-BlessingChannel/Pods-BlessingChannel-frameworks.sh\"\n";
			showEnvVarsInLog = 0;
		};
		E3D8119683513000F3F93AF8 /* [CP] Check Pods Manifest.lock */ = {
			isa = PBXShellScriptBuildPhase;
			buildActionMask = 2147483647;
			files = (
			);
			inputFileListPaths = (
			);
			inputPaths = (
				"${PODS_PODFILE_DIR_PATH}/Podfile.lock",
				"${PODS_ROOT}/Manifest.lock",
			);
			name = "[CP] Check Pods Manifest.lock";
			outputFileListPaths = (
			);
			outputPaths = (
				"$(DERIVED_FILE_DIR)/Pods-BlessingChannel-BlessingChannelUITests-checkManifestLockResult.txt",
			);
			runOnlyForDeploymentPostprocessing = 0;
			shellPath = /bin/sh;
			shellScript = "diff \"${PODS_PODFILE_DIR_PATH}/Podfile.lock\" \"${PODS_ROOT}/Manifest.lock\" > /dev/null\nif [ $? != 0 ] ; then\n    # print error to STDERR\n    echo \"error: The sandbox is not in sync with the Podfile.lock. Run 'pod install' or update your CocoaPods installation.\" >&2\n    exit 1\nfi\n# This output is used by Xcode 'outputs' to avoid re-running this script phase.\necho \"SUCCESS\" > \"${SCRIPT_OUTPUT_FILE_0}\"\n";
			showEnvVarsInLog = 0;
		};
		E7E9C372D8369000945EF065 /* [CP] Copy Pods Resources */ = {
			isa = PBXShellScriptBuildPhase;
			buildActionMask = 2147483647;
			files = (
			);
			inputFileListPaths = (
				"${PODS_ROOT}/Target Support Files/Pods-BlessingChannel-BlessingChannelUITests/Pods-BlessingChannel-BlessingChannelUITests-resources-${CONFIGURATION}-input-files.xcfilelist",
			);
			inputPaths = (
			);
			name = "[CP] Copy Pods Resources";
			outputFileListPaths = (
				"${PODS_ROOT}/Target Support Files/Pods-BlessingChannel-BlessingChannelUITests/Pods-BlessingChannel-BlessingChannelUITests-resources-${CONFIGURATION}-output-files.xcfilelist",
			);
			outputPaths = (
			);
			runOnlyForDeploymentPostprocessing = 0;
			shellPath = /bin/sh;
			shellScript = "\"${PODS_ROOT}/Target Support Files/Pods-BlessingChannel-BlessingChannelUITests/Pods-BlessingChannel-BlessingChannelUITests-resources.sh\"\n";
			showEnvVarsInLog = 0;
		};
		FBF140699237CC23DDCEB891 /* [CP] Copy Pods Resources */ = {
			isa = PBXShellScriptBuildPhase;
			buildActionMask = 2147483647;
			files = (
			);
			inputFileListPaths = (
				"${PODS_ROOT}/Target Support Files/Pods-BlessingChannel/Pods-BlessingChannel-resources-${CONFIGURATION}-input-files.xcfilelist",
			);
			inputPaths = (
			);
			name = "[CP] Copy Pods Resources";
			outputFileListPaths = (
				"${PODS_ROOT}/Target Support Files/Pods-BlessingChannel/Pods-BlessingChannel-resources-${CONFIGURATION}-output-files.xcfilelist",
			);
			outputPaths = (
			);
			runOnlyForDeploymentPostprocessing = 0;
			shellPath = /bin/sh;
			shellScript = "\"${PODS_ROOT}/Target Support Files/Pods-BlessingChannel/Pods-BlessingChannel-resources.sh\"\n";
			showEnvVarsInLog = 0;
		};
/* End PBXShellScriptBuildPhase section */

/* Begin PBXSourcesBuildPhase section */
		0AA77BD22DE3416A0014B7AA /* Sources */ = {
			isa = PBXSourcesBuildPhase;
			buildActionMask = 2147483647;
			files = (
				0A6E23D02DF86347005D3136 /* PagedPostResponse.swift in Sources */,
				0AA77BDE2DE3416A0014B7AA /* ViewController.swift in Sources */,
				0A44E0502DE4A21D00E240CA /* DonationProgressView.swift in Sources */,
				0AF74C932DF3F29C00D3B1AB /* BoardPost.swift in Sources */,
				0A6E23C82DF5CFBF005D3136 /* BoardMainView.swift in Sources */,
				0A69079B2DEE86ED003F748C /* MyPageView.swift in Sources */,
				0A6E23CA2DF5D185005D3136 /* PostCardView.swift in Sources */,
				0AA77C0E2DE342420014B7AA /* Color+Extension.swift in Sources */,
				0AF74C912DF3F27F00D3B1AB /* BoardViewModel.swift in Sources */,
				0A6907992DEC839F003F748C /* BannerAdView.swift in Sources */,
				0A44E04E2DE4A1F700E240CA /* MainScreenView.swift in Sources */,
				0A44E04B2DE4A1CD00E240CA /* User.swift in Sources */,
				0A6907972DEC8378003F748C /* RewardedAdManager.swift in Sources */,
				0AA77C0B2DE342150014B7AA /* LoginView.swift in Sources */,
				0A44E0482DE4A13300E240CA /* AppDelegate.swift in Sources */,
				0AA77C102DE342590014B7AA /* BlessingChannelApp.swift in Sources */,
				0A0E958B2DE4A90B007DD546 /* CustomLoginButton.swift in Sources */,
				0A6E23CD2DF8605A005D3136 /* CommentReaction.swift in Sources */,
				0A0E95902DE5F232007DD546 /* KakaoLoginView.swift in Sources */,
				0A44E0522DE4A22E00E240CA /* NavigationBarView.swift in Sources */,
				0A02C11E2DE94D1B00A03F04 /* NaverLoginDelegate.swift in Sources */,
				0AF74C952DF3F2B800D3B1AB /* PostFormView.swift in Sources */,
				0AF74C8C2DF1DE3400D3B1AB /* RankedUser.swift in Sources */,
			);
			runOnlyForDeploymentPostprocessing = 0;
		};
		0AA77BE82DE3416C0014B7AA /* Sources */ = {
			isa = PBXSourcesBuildPhase;
			buildActionMask = 2147483647;
			files = (
				0AA77BF12DE3416C0014B7AA /* BlessingChannelTests.swift in Sources */,
			);
			runOnlyForDeploymentPostprocessing = 0;
		};
		0AA77BF22DE3416C0014B7AA /* Sources */ = {
			isa = PBXSourcesBuildPhase;
			buildActionMask = 2147483647;
			files = (
				0AA77BFB2DE3416C0014B7AA /* BlessingChannelUITests.swift in Sources */,
				0AA77BFD2DE3416C0014B7AA /* BlessingChannelUITestsLaunchTests.swift in Sources */,
			);
			runOnlyForDeploymentPostprocessing = 0;
		};
/* End PBXSourcesBuildPhase section */

/* Begin PBXTargetDependency section */
		0AA77BEE2DE3416C0014B7AA /* PBXTargetDependency */ = {
			isa = PBXTargetDependency;
			target = 0AA77BD52DE3416A0014B7AA /* BlessingChannel */;
			targetProxy = 0AA77BED2DE3416C0014B7AA /* PBXContainerItemProxy */;
		};
		0AA77BF82DE3416C0014B7AA /* PBXTargetDependency */ = {
			isa = PBXTargetDependency;
			target = 0AA77BD52DE3416A0014B7AA /* BlessingChannel */;
			targetProxy = 0AA77BF72DE3416C0014B7AA /* PBXContainerItemProxy */;
		};
/* End PBXTargetDependency section */

/* Begin PBXVariantGroup section */
		0AA77BE42DE3416C0014B7AA /* LaunchScreen.storyboard */ = {
			isa = PBXVariantGroup;
			children = (
				0AA77BE52DE3416C0014B7AA /* Base */,
			);
			name = LaunchScreen.storyboard;
			sourceTree = "<group>";
		};
/* End PBXVariantGroup section */

/* Begin XCBuildConfiguration section */
		0AA77BFE2DE3416C0014B7AA /* Debug */ = {
			isa = XCBuildConfiguration;
			buildSettings = {
				ALWAYS_SEARCH_USER_PATHS = NO;
				ASSETCATALOG_COMPILER_GENERATE_SWIFT_ASSET_SYMBOL_EXTENSIONS = YES;
				CLANG_ANALYZER_NONNULL = YES;
				CLANG_ANALYZER_NUMBER_OBJECT_CONVERSION = YES_AGGRESSIVE;
				CLANG_CXX_LANGUAGE_STANDARD = "gnu++20";
				CLANG_ENABLE_MODULES = YES;
				CLANG_ENABLE_OBJC_ARC = YES;
				CLANG_ENABLE_OBJC_WEAK = YES;
				CLANG_WARN_BLOCK_CAPTURE_AUTORELEASING = YES;
				CLANG_WARN_BOOL_CONVERSION = YES;
				CLANG_WARN_COMMA = YES;
				CLANG_WARN_CONSTANT_CONVERSION = YES;
				CLANG_WARN_DEPRECATED_OBJC_IMPLEMENTATIONS = YES;
				CLANG_WARN_DIRECT_OBJC_ISA_USAGE = YES_ERROR;
				CLANG_WARN_DOCUMENTATION_COMMENTS = YES;
				CLANG_WARN_EMPTY_BODY = YES;
				CLANG_WARN_ENUM_CONVERSION = YES;
				CLANG_WARN_INFINITE_RECURSION = YES;
				CLANG_WARN_INT_CONVERSION = YES;
				CLANG_WARN_NON_LITERAL_NULL_CONVERSION = YES;
				CLANG_WARN_OBJC_IMPLICIT_RETAIN_SELF = YES;
				CLANG_WARN_OBJC_LITERAL_CONVERSION = YES;
				CLANG_WARN_OBJC_ROOT_CLASS = YES_ERROR;
				CLANG_WARN_QUOTED_INCLUDE_IN_FRAMEWORK_HEADER = YES;
				CLANG_WARN_RANGE_LOOP_ANALYSIS = YES;
				CLANG_WARN_STRICT_PROTOTYPES = YES;
				CLANG_WARN_SUSPICIOUS_MOVE = YES;
				CLANG_WARN_UNGUARDED_AVAILABILITY = YES_AGGRESSIVE;
				CLANG_WARN_UNREACHABLE_CODE = YES;
				CLANG_WARN__DUPLICATE_METHOD_MATCH = YES;
				COPY_PHASE_STRIP = NO;
				DEBUG_INFORMATION_FORMAT = dwarf;
				ENABLE_STRICT_OBJC_MSGSEND = YES;
				ENABLE_TESTABILITY = YES;
				ENABLE_USER_SCRIPT_SANDBOXING = NO;
				GCC_C_LANGUAGE_STANDARD = gnu17;
				GCC_DYNAMIC_NO_PIC = NO;
				GCC_NO_COMMON_BLOCKS = YES;
				GCC_OPTIMIZATION_LEVEL = 0;
				GCC_PREPROCESSOR_DEFINITIONS = (
					"DEBUG=1",
					"$(inherited)",
				);
				GCC_WARN_64_TO_32_BIT_CONVERSION = YES;
				GCC_WARN_ABOUT_RETURN_TYPE = YES_ERROR;
				GCC_WARN_UNDECLARED_SELECTOR = YES;
				GCC_WARN_UNINITIALIZED_AUTOS = YES_AGGRESSIVE;
				GCC_WARN_UNUSED_FUNCTION = YES;
				GCC_WARN_UNUSED_VARIABLE = YES;
				IPHONEOS_DEPLOYMENT_TARGET = 17.0;
				LOCALIZATION_PREFERS_STRING_CATALOGS = YES;
				MACH_O_TYPE = mh_execute;
				MTL_ENABLE_DEBUG_INFO = INCLUDE_SOURCE;
				MTL_FAST_MATH = YES;
				ONLY_ACTIVE_ARCH = YES;
				PRODUCT_NAME = BlessingChannel;
				SDKROOT = iphoneos;
				SKIP_INSTALL = NO;
				SWIFT_ACTIVE_COMPILATION_CONDITIONS = "DEBUG $(inherited)";
				SWIFT_OPTIMIZATION_LEVEL = "-Onone";
			};
			name = Debug;
		};
		0AA77BFF2DE3416C0014B7AA /* Release */ = {
			isa = XCBuildConfiguration;
			buildSettings = {
				ALWAYS_SEARCH_USER_PATHS = NO;
				ASSETCATALOG_COMPILER_GENERATE_SWIFT_ASSET_SYMBOL_EXTENSIONS = YES;
				CLANG_ANALYZER_NONNULL = YES;
				CLANG_ANALYZER_NUMBER_OBJECT_CONVERSION = YES_AGGRESSIVE;
				CLANG_CXX_LANGUAGE_STANDARD = "gnu++20";
				CLANG_ENABLE_MODULES = YES;
				CLANG_ENABLE_OBJC_ARC = YES;
				CLANG_ENABLE_OBJC_WEAK = YES;
				CLANG_WARN_BLOCK_CAPTURE_AUTORELEASING = YES;
				CLANG_WARN_BOOL_CONVERSION = YES;
				CLANG_WARN_COMMA = YES;
				CLANG_WARN_CONSTANT_CONVERSION = YES;
				CLANG_WARN_DEPRECATED_OBJC_IMPLEMENTATIONS = YES;
				CLANG_WARN_DIRECT_OBJC_ISA_USAGE = YES_ERROR;
				CLANG_WARN_DOCUMENTATION_COMMENTS = YES;
				CLANG_WARN_EMPTY_BODY = YES;
				CLANG_WARN_ENUM_CONVERSION = YES;
				CLANG_WARN_INFINITE_RECURSION = YES;
				CLANG_WARN_INT_CONVERSION = YES;
				CLANG_WARN_NON_LITERAL_NULL_CONVERSION = YES;
				CLANG_WARN_OBJC_IMPLICIT_RETAIN_SELF = YES;
				CLANG_WARN_OBJC_LITERAL_CONVERSION = YES;
				CLANG_WARN_OBJC_ROOT_CLASS = YES_ERROR;
				CLANG_WARN_QUOTED_INCLUDE_IN_FRAMEWORK_HEADER = YES;
				CLANG_WARN_RANGE_LOOP_ANALYSIS = YES;
				CLANG_WARN_STRICT_PROTOTYPES = YES;
				CLANG_WARN_SUSPICIOUS_MOVE = YES;
				CLANG_WARN_UNGUARDED_AVAILABILITY = YES_AGGRESSIVE;
				CLANG_WARN_UNREACHABLE_CODE = YES;
				CLANG_WARN__DUPLICATE_METHOD_MATCH = YES;
				COPY_PHASE_STRIP = NO;
				DEBUG_INFORMATION_FORMAT = "dwarf-with-dsym";
				ENABLE_NS_ASSERTIONS = NO;
				ENABLE_STRICT_OBJC_MSGSEND = YES;
				ENABLE_USER_SCRIPT_SANDBOXING = NO;
				GCC_C_LANGUAGE_STANDARD = gnu17;
				GCC_NO_COMMON_BLOCKS = YES;
				GCC_WARN_64_TO_32_BIT_CONVERSION = YES;
				GCC_WARN_ABOUT_RETURN_TYPE = YES_ERROR;
				GCC_WARN_UNDECLARED_SELECTOR = YES;
				GCC_WARN_UNINITIALIZED_AUTOS = YES_AGGRESSIVE;
				GCC_WARN_UNUSED_FUNCTION = YES;
				GCC_WARN_UNUSED_VARIABLE = YES;
				IPHONEOS_DEPLOYMENT_TARGET = 17.0;
				LOCALIZATION_PREFERS_STRING_CATALOGS = YES;
				MACH_O_TYPE = mh_execute;
				MTL_ENABLE_DEBUG_INFO = NO;
				MTL_FAST_MATH = YES;
				PRODUCT_NAME = BlessingChannel;
				SDKROOT = iphoneos;
				SKIP_INSTALL = NO;
				SWIFT_COMPILATION_MODE = wholemodule;
				VALIDATE_PRODUCT = YES;
			};
			name = Release;
		};
		0AA77C012DE3416C0014B7AA /* Debug */ = {
			isa = XCBuildConfiguration;
			baseConfigurationReference = 3849A8776BD76518E1EFF522 /* Pods-BlessingChannel.debug.xcconfig */;
			buildSettings = {
				ASSETCATALOG_COMPILER_APPICON_NAME = AppIcon;
				ASSETCATALOG_COMPILER_GLOBAL_ACCENT_COLOR_NAME = AccentColor;
				CODE_SIGN_ENTITLEMENTS = BlessingChannel/BlessingChannel.entitlements;
				CODE_SIGN_STYLE = Automatic;
				CURRENT_PROJECT_VERSION = 5;
				DEVELOPMENT_TEAM = 9KDUS59PR5;
				ENABLE_USER_SCRIPT_SANDBOXING = NO;
				"EXCLUDED_ARCHS[sdk=*]" = arm64;
				GENERATE_INFOPLIST_FILE = YES;
				INFOPLIST_FILE = BlessingChannel/Info.plist;
				INFOPLIST_KEY_UIApplicationSupportsIndirectInputEvents = YES;
				INFOPLIST_KEY_UILaunchStoryboardName = LaunchScreen;
				INFOPLIST_KEY_UIMainStoryboardFile = "";
				INFOPLIST_KEY_UISupportedInterfaceOrientations_iPad = "UIInterfaceOrientationPortrait UIInterfaceOrientationPortraitUpsideDown UIInterfaceOrientationLandscapeLeft UIInterfaceOrientationLandscapeRight";
				INFOPLIST_KEY_UISupportedInterfaceOrientations_iPhone = "UIInterfaceOrientationPortrait UIInterfaceOrientationLandscapeLeft UIInterfaceOrientationLandscapeRight";
				LD_RUNPATH_SEARCH_PATHS = (
					"$(inherited)",
					"@executable_path/Frameworks",
				);
				MARKETING_VERSION = 1.4;
				PRODUCT_BUNDLE_IDENTIFIER = com.blessing.channel.BlessingChannel;
				PRODUCT_NAME = "$(TARGET_NAME)";
				SKIP_INSTALL = NO;
				SWIFT_EMIT_LOC_STRINGS = YES;
				SWIFT_VERSION = 5.0;
				TARGETED_DEVICE_FAMILY = "1,2";
			};
			name = Debug;
		};
		0AA77C022DE3416C0014B7AA /* Release */ = {
			isa = XCBuildConfiguration;
			baseConfigurationReference = DF589F74C6AD1C0495CFB3E5 /* Pods-BlessingChannel.release.xcconfig */;
			buildSettings = {
				ASSETCATALOG_COMPILER_APPICON_NAME = AppIcon;
				ASSETCATALOG_COMPILER_GLOBAL_ACCENT_COLOR_NAME = AccentColor;
				CODE_SIGN_ENTITLEMENTS = BlessingChannel/BlessingChannel.entitlements;
				CODE_SIGN_STYLE = Automatic;
				CURRENT_PROJECT_VERSION = 5;
				DEVELOPMENT_TEAM = 9KDUS59PR5;
				ENABLE_USER_SCRIPT_SANDBOXING = NO;
				EXCLUDED_ARCHS = "";
				"EXCLUDED_ARCHS[sdk=*]" = "";
				GENERATE_INFOPLIST_FILE = YES;
				INFOPLIST_FILE = BlessingChannel/Info.plist;
				INFOPLIST_KEY_UIApplicationSupportsIndirectInputEvents = YES;
				INFOPLIST_KEY_UILaunchStoryboardName = LaunchScreen;
				INFOPLIST_KEY_UIMainStoryboardFile = "";
				INFOPLIST_KEY_UISupportedInterfaceOrientations_iPad = "UIInterfaceOrientationPortrait UIInterfaceOrientationPortraitUpsideDown UIInterfaceOrientationLandscapeLeft UIInterfaceOrientationLandscapeRight";
				INFOPLIST_KEY_UISupportedInterfaceOrientations_iPhone = "UIInterfaceOrientationPortrait UIInterfaceOrientationLandscapeLeft UIInterfaceOrientationLandscapeRight";
				LD_RUNPATH_SEARCH_PATHS = (
					"$(inherited)",
					"@executable_path/Frameworks",
				);
				MARKETING_VERSION = 1.4;
				PRODUCT_BUNDLE_IDENTIFIER = com.blessing.channel.BlessingChannel;
				PRODUCT_NAME = "$(TARGET_NAME)";
				SKIP_INSTALL = NO;
				SWIFT_EMIT_LOC_STRINGS = YES;
				SWIFT_VERSION = 5.0;
				TARGETED_DEVICE_FAMILY = "1,2";
			};
			name = Release;
		};
		0AA77C042DE3416C0014B7AA /* Debug */ = {
			isa = XCBuildConfiguration;
			baseConfigurationReference = 955ECBDAB991940BD90BD391 /* Pods-BlessingChannelTests.debug.xcconfig */;
			buildSettings = {
				ALWAYS_EMBED_SWIFT_STANDARD_LIBRARIES = YES;
				BUNDLE_LOADER = "$(TEST_HOST)";
				CODE_SIGN_STYLE = Automatic;
				CURRENT_PROJECT_VERSION = 1;
				DEVELOPMENT_TEAM = 9KDUS59PR5;
				GENERATE_INFOPLIST_FILE = YES;
				IPHONEOS_DEPLOYMENT_TARGET = 17.0;
				MARKETING_VERSION = 1.0;
				PRODUCT_BUNDLE_IDENTIFIER = com.blessing.channel.BlessingChannelTests;
				PRODUCT_NAME = "$(TARGET_NAME)";
				SWIFT_EMIT_LOC_STRINGS = NO;
				SWIFT_VERSION = 5.0;
				TARGETED_DEVICE_FAMILY = "1,2";
				TEST_HOST = "$(BUILT_PRODUCTS_DIR)/BlessingChannel.app/$(BUNDLE_EXECUTABLE_FOLDER_PATH)/BlessingChannel";
			};
			name = Debug;
		};
		0AA77C052DE3416C0014B7AA /* Release */ = {
			isa = XCBuildConfiguration;
			baseConfigurationReference = DEB38C706FB030FD2FF8E68A /* Pods-BlessingChannelTests.release.xcconfig */;
			buildSettings = {
				ALWAYS_EMBED_SWIFT_STANDARD_LIBRARIES = YES;
				BUNDLE_LOADER = "$(TEST_HOST)";
				CODE_SIGN_STYLE = Automatic;
				CURRENT_PROJECT_VERSION = 1;
				DEVELOPMENT_TEAM = 9KDUS59PR5;
				GENERATE_INFOPLIST_FILE = YES;
				IPHONEOS_DEPLOYMENT_TARGET = 17.0;
				MARKETING_VERSION = 1.0;
				PRODUCT_BUNDLE_IDENTIFIER = com.blessing.channel.BlessingChannelTests;
				PRODUCT_NAME = "$(TARGET_NAME)";
				SWIFT_EMIT_LOC_STRINGS = NO;
				SWIFT_VERSION = 5.0;
				TARGETED_DEVICE_FAMILY = "1,2";
				TEST_HOST = "$(BUILT_PRODUCTS_DIR)/BlessingChannel.app/$(BUNDLE_EXECUTABLE_FOLDER_PATH)/BlessingChannel";
			};
			name = Release;
		};
		0AA77C072DE3416C0014B7AA /* Debug */ = {
			isa = XCBuildConfiguration;
			baseConfigurationReference = DADE080BB29CB28E80943E33 /* Pods-BlessingChannel-BlessingChannelUITests.debug.xcconfig */;
			buildSettings = {
				ALWAYS_EMBED_SWIFT_STANDARD_LIBRARIES = YES;
				CODE_SIGN_STYLE = Automatic;
				CURRENT_PROJECT_VERSION = 1;
				DEVELOPMENT_TEAM = 9KDUS59PR5;
				GENERATE_INFOPLIST_FILE = YES;
				MARKETING_VERSION = 1.0;
				PRODUCT_BUNDLE_IDENTIFIER = com.blessing.channel.BlessingChannelUITests;
				PRODUCT_NAME = "$(TARGET_NAME)";
				SWIFT_EMIT_LOC_STRINGS = NO;
				SWIFT_VERSION = 5.0;
				TARGETED_DEVICE_FAMILY = "1,2";
				TEST_TARGET_NAME = BlessingChannel;
			};
			name = Debug;
		};
		0AA77C082DE3416C0014B7AA /* Release */ = {
			isa = XCBuildConfiguration;
			baseConfigurationReference = 97C5A0018BBD6C80BD2256CA /* Pods-BlessingChannel-BlessingChannelUITests.release.xcconfig */;
			buildSettings = {
				ALWAYS_EMBED_SWIFT_STANDARD_LIBRARIES = YES;
				CODE_SIGN_STYLE = Automatic;
				CURRENT_PROJECT_VERSION = 1;
				DEVELOPMENT_TEAM = 9KDUS59PR5;
				GENERATE_INFOPLIST_FILE = YES;
				MARKETING_VERSION = 1.0;
				PRODUCT_BUNDLE_IDENTIFIER = com.blessing.channel.BlessingChannelUITests;
				PRODUCT_NAME = "$(TARGET_NAME)";
				SWIFT_EMIT_LOC_STRINGS = NO;
				SWIFT_VERSION = 5.0;
				TARGETED_DEVICE_FAMILY = "1,2";
				TEST_TARGET_NAME = BlessingChannel;
			};
			name = Release;
		};
/* End XCBuildConfiguration section */

/* Begin XCConfigurationList section */
		0AA77BD12DE3416A0014B7AA /* Build configuration list for PBXProject "BlessingChannel" */ = {
			isa = XCConfigurationList;
			buildConfigurations = (
				0AA77BFE2DE3416C0014B7AA /* Debug */,
				0AA77BFF2DE3416C0014B7AA /* Release */,
			);
			defaultConfigurationIsVisible = 0;
			defaultConfigurationName = Release;
		};
		0AA77C002DE3416C0014B7AA /* Build configuration list for PBXNativeTarget "BlessingChannel" */ = {
			isa = XCConfigurationList;
			buildConfigurations = (
				0AA77C012DE3416C0014B7AA /* Debug */,
				0AA77C022DE3416C0014B7AA /* Release */,
			);
			defaultConfigurationIsVisible = 0;
			defaultConfigurationName = Release;
		};
		0AA77C032DE3416C0014B7AA /* Build configuration list for PBXNativeTarget "BlessingChannelTests" */ = {
			isa = XCConfigurationList;
			buildConfigurations = (
				0AA77C042DE3416C0014B7AA /* Debug */,
				0AA77C052DE3416C0014B7AA /* Release */,
			);
			defaultConfigurationIsVisible = 0;
			defaultConfigurationName = Release;
		};
		0AA77C062DE3416C0014B7AA /* Build configuration list for PBXNativeTarget "BlessingChannelUITests" */ = {
			isa = XCConfigurationList;
			buildConfigurations = (
				0AA77C072DE3416C0014B7AA /* Debug */,
				0AA77C082DE3416C0014B7AA /* Release */,
			);
			defaultConfigurationIsVisible = 0;
			defaultConfigurationName = Release;
		};
/* End XCConfigurationList section */
	};
	rootObject = 0AA77BCE2DE3416A0014B7AA /* Project object */;
}
