// !$*UTF8*$!
{
	archiveVersion = 1;
	classes = {
	};
	objectVersion = 56;
	objects = {

/* Begin PBXBuildFile section */
		0A0E958B2DE4A90B007DD546 /* CustomLoginButton.swift in Sources */ = {isa = PBXBuildFile; fileRef = 0A0E958A2DE4A90B007DD546 /* CustomLoginButton.swift */; };
		0A26F4052DE4A32000F1324B /* GoogleSignIn in Frameworks */ = {isa = PBXBuildFile; productRef = 0A26F4042DE4A32000F1324B /* GoogleSignIn */; };
		0A26F4072DE4A32000F1324B /* GoogleSignInSwift in Frameworks */ = {isa = PBXBuildFile; productRef = 0A26F4062DE4A32000F1324B /* GoogleSignInSwift */; };
		0A44E0482DE4A13300E240CA /* AppDelegate.swift in Sources */ = {isa = PBXBuildFile; fileRef = 0A44E0472DE4A13300E240CA /* AppDelegate.swift */; };
		0A44E04B2DE4A1CD00E240CA /* User.swift in Sources */ = {isa = PBXBuildFile; fileRef = 0A44E04A2DE4A1CD00E240CA /* User.swift */; };
		0A44E04E2DE4A1F700E240CA /* MainScreenView.swift in Sources */ = {isa = PBXBuildFile; fileRef = 0A44E04D2DE4A1F700E240CA /* MainScreenView.swift */; };
		0A44E0502DE4A21D00E240CA /* DonationProgressView.swift in Sources */ = {isa = PBXBuildFile; fileRef = 0A44E04F2DE4A21D00E240CA /* DonationProgressView.swift */; };
		0A44E0522DE4A22E00E240CA /* NavigationBarView.swift in Sources */ = {isa = PBXBuildFile; fileRef = 0A44E0512DE4A22E00E240CA /* NavigationBarView.swift */; };
		0AA77BDE2DE3416A0014B7AA /* ViewController.swift in Sources */ = {isa = PBXBuildFile; fileRef = 0AA77BDD2DE3416A0014B7AA /* ViewController.swift */; };
		0AA77BE32DE3416C0014B7AA /* Assets.xcassets in Resources */ = {isa = PBXBuildFile; fileRef = 0AA77BE22DE3416C0014B7AA /* Assets.xcassets */; };
		0AA77BE62DE3416C0014B7AA /* LaunchScreen.storyboard in Resources */ = {isa = PBXBuildFile; fileRef = 0AA77BE42DE3416C0014B7AA /* LaunchScreen.storyboard */; };
		0AA77BF12DE3416C0014B7AA /* BlessingChannelTests.swift in Sources */ = {isa = PBXBuildFile; fileRef = 0AA77BF02DE3416C0014B7AA /* BlessingChannelTests.swift */; };
		0AA77BFB2DE3416C0014B7AA /* BlessingChannelUITests.swift in Sources */ = {isa = PBXBuildFile; fileRef = 0AA77BFA2DE3416C0014B7AA /* BlessingChannelUITests.swift */; };
		0AA77BFD2DE3416C0014B7AA /* BlessingChannelUITestsLaunchTests.swift in Sources */ = {isa = PBXBuildFile; fileRef = 0AA77BFC2DE3416C0014B7AA /* BlessingChannelUITestsLaunchTests.swift */; };
		0AA77C0B2DE342150014B7AA /* LoginView.swift in Sources */ = {isa = PBXBuildFile; fileRef = 0AA77C0A2DE342150014B7AA /* LoginView.swift */; };
		0AA77C0E2DE342420014B7AA /* Color+Extension.swift in Sources */ = {isa = PBXBuildFile; fileRef = 0AA77C0D2DE342420014B7AA /* Color+Extension.swift */; };
		0AA77C102DE342590014B7AA /* BlessingChannelApp.swift in Sources */ = {isa = PBXBuildFile; fileRef = 0AA77C0F2DE342590014B7AA /* BlessingChannelApp.swift */; };
/* End PBXBuildFile section */

/* Begin PBXContainerItemProxy section */
		0AA77BED2DE3416C0014B7AA /* PBXContainerItemProxy */ = {
			isa = PBXContainerItemProxy;
			containerPortal = 0AA77BCE2DE3416A0014B7AA /* Project object */;
			proxyType = 1;
			remoteGlobalIDString = 0AA77BD52DE3416A0014B7AA;
			remoteInfo = BlessingChannel;
		};
		0AA77BF72DE3416C0014B7AA /* PBXContainerItemProxy */ = {
			isa = PBXContainerItemProxy;
			containerPortal = 0AA77BCE2DE3416A0014B7AA /* Project object */;
			proxyType = 1;
			remoteGlobalIDString = 0AA77BD52DE3416A0014B7AA;
			remoteInfo = BlessingChannel;
		};
/* End PBXContainerItemProxy section */

/* Begin PBXFileReference section */
		0A0E958A2DE4A90B007DD546 /* CustomLoginButton.swift */ = {isa = PBXFileReference; lastKnownFileType = sourcecode.swift; path = CustomLoginButton.swift; sourceTree = "<group>"; };
		0A44E0472DE4A13300E240CA /* AppDelegate.swift */ = {isa = PBXFileReference; lastKnownFileType = sourcecode.swift; path = AppDelegate.swift; sourceTree = "<group>"; };
		0A44E04A2DE4A1CD00E240CA /* User.swift */ = {isa = PBXFileReference; lastKnownFileType = sourcecode.swift; path = User.swift; sourceTree = "<group>"; };
		0A44E04D2DE4A1F700E240CA /* MainScreenView.swift */ = {isa = PBXFileReference; lastKnownFileType = sourcecode.swift; path = MainScreenView.swift; sourceTree = "<group>"; };
		0A44E04F2DE4A21D00E240CA /* DonationProgressView.swift */ = {isa = PBXFileReference; lastKnownFileType = sourcecode.swift; path = DonationProgressView.swift; sourceTree = "<group>"; };
		0A44E0512DE4A22E00E240CA /* NavigationBarView.swift */ = {isa = PBXFileReference; lastKnownFileType = sourcecode.swift; path = NavigationBarView.swift; sourceTree = "<group>"; };
		0AA77BD62DE3416A0014B7AA /* BlessingChannel.app */ = {isa = PBXFileReference; explicitFileType = wrapper.application; includeInIndex = 0; path = BlessingChannel.app; sourceTree = BUILT_PRODUCTS_DIR; };
		0AA77BDD2DE3416A0014B7AA /* ViewController.swift */ = {isa = PBXFileReference; lastKnownFileType = sourcecode.swift; path = ViewController.swift; sourceTree = "<group>"; };
		0AA77BE22DE3416C0014B7AA /* Assets.xcassets */ = {isa = PBXFileReference; lastKnownFileType = folder.assetcatalog; path = Assets.xcassets; sourceTree = "<group>"; };
		0AA77BE52DE3416C0014B7AA /* Base */ = {isa = PBXFileReference; lastKnownFileType = file.storyboard; name = Base; path = Base.lproj/LaunchScreen.storyboard; sourceTree = "<group>"; };
		0AA77BE72DE3416C0014B7AA /* Info.plist */ = {isa = PBXFileReference; lastKnownFileType = text.plist.xml; path = Info.plist; sourceTree = "<group>"; };
		0AA77BEC2DE3416C0014B7AA /* BlessingChannelTests.xctest */ = {isa = PBXFileReference; explicitFileType = wrapper.cfbundle; includeInIndex = 0; path = BlessingChannelTests.xctest; sourceTree = BUILT_PRODUCTS_DIR; };
		0AA77BF02DE3416C0014B7AA /* BlessingChannelTests.swift */ = {isa = PBXFileReference; lastKnownFileType = sourcecode.swift; path = BlessingChannelTests.swift; sourceTree = "<group>"; };
		0AA77BF62DE3416C0014B7AA /* BlessingChannelUITests.xctest */ = {isa = PBXFileReference; explicitFileType = wrapper.cfbundle; includeInIndex = 0; path = BlessingChannelUITests.xctest; sourceTree = BUILT_PRODUCTS_DIR; };
		0AA77BFA2DE3416C0014B7AA /* BlessingChannelUITests.swift */ = {isa = PBXFileReference; lastKnownFileType = sourcecode.swift; path = BlessingChannelUITests.swift; sourceTree = "<group>"; };
		0AA77BFC2DE3416C0014B7AA /* BlessingChannelUITestsLaunchTests.swift */ = {isa = PBXFileReference; lastKnownFileType = sourcecode.swift; path = BlessingChannelUITestsLaunchTests.swift; sourceTree = "<group>"; };
		0AA77C0A2DE342150014B7AA /* LoginView.swift */ = {isa = PBXFileReference; lastKnownFileType = sourcecode.swift; path = LoginView.swift; sourceTree = "<group>"; };
		0AA77C0D2DE342420014B7AA /* Color+Extension.swift */ = {isa = PBXFileReference; lastKnownFileType = sourcecode.swift; path = "Color+Extension.swift"; sourceTree = "<group>"; };
		0AA77C0F2DE342590014B7AA /* BlessingChannelApp.swift */ = {isa = PBXFileReference; lastKnownFileType = sourcecode.swift; path = BlessingChannelApp.swift; sourceTree = "<group>"; };
/* End PBXFileReference section */

/* Begin PBXFrameworksBuildPhase section */
		0AA77BD32DE3416A0014B7AA /* Frameworks */ = {
			isa = PBXFrameworksBuildPhase;
			buildActionMask = 2147483647;
			files = (
				0A26F4052DE4A32000F1324B /* GoogleSignIn in Frameworks */,
				0A26F4072DE4A32000F1324B /* GoogleSignInSwift in Frameworks */,
			);
			runOnlyForDeploymentPostprocessing = 0;
		};
		0AA77BE92DE3416C0014B7AA /* Frameworks */ = {
			isa = PBXFrameworksBuildPhase;
			buildActionMask = 2147483647;
			files = (
			);
			runOnlyForDeploymentPostprocessing = 0;
		};
		0AA77BF32DE3416C0014B7AA /* Frameworks */ = {
			isa = PBXFrameworksBuildPhase;
			buildActionMask = 2147483647;
			files = (
			);
			runOnlyForDeploymentPostprocessing = 0;
		};
/* End PBXFrameworksBuildPhase section */

/* Begin PBXGroup section */
		0A0E958C2DE4A926007DD546 /* ViewComponents */ = {
			isa = PBXGroup;
			children = (
			);
			path = ViewComponents;
			sourceTree = "<group>";
		};
		0A26F4032DE4A32000F1324B /* Frameworks */ = {
			isa = PBXGroup;
			children = (
			);
			name = Frameworks;
			sourceTree = "<group>";
		};
		0A44E0492DE4A1BE00E240CA /* Model */ = {
			isa = PBXGroup;
			children = (
				0A44E04A2DE4A1CD00E240CA /* User.swift */,
			);
			path = Model;
			sourceTree = "<group>";
		};
		0A44E04C2DE4A1EC00E240CA /* View */ = {
			isa = PBXGroup;
			children = (
				0A44E04D2DE4A1F700E240CA /* MainScreenView.swift */,
				0A44E04F2DE4A21D00E240CA /* DonationProgressView.swift */,
				0A44E0512DE4A22E00E240CA /* NavigationBarView.swift */,
			);
			path = View;
			sourceTree = "<group>";
		};
		0AA77BCD2DE3416A0014B7AA = {
			isa = PBXGroup;
			children = (
				0AA77BD82DE3416A0014B7AA /* BlessingChannel */,
				0AA77BEF2DE3416C0014B7AA /* BlessingChannelTests */,
				0AA77BF92DE3416C0014B7AA /* BlessingChannelUITests */,
				0AA77BD72DE3416A0014B7AA /* Products */,
				0A26F4032DE4A32000F1324B /* Frameworks */,
			);
			sourceTree = "<group>";
		};
		0AA77BD72DE3416A0014B7AA /* Products */ = {
			isa = PBXGroup;
			children = (
				0AA77BD62DE3416A0014B7AA /* BlessingChannel.app */,
				0AA77BEC2DE3416C0014B7AA /* BlessingChannelTests.xctest */,
				0AA77BF62DE3416C0014B7AA /* BlessingChannelUITests.xctest */,
			);
			name = Products;
			sourceTree = "<group>";
		};
		0AA77BD82DE3416A0014B7AA /* BlessingChannel */ = {
			isa = PBXGroup;
			children = (
				0A0E958C2DE4A926007DD546 /* ViewComponents */,
				0A44E04C2DE4A1EC00E240CA /* View */,
				0A44E0492DE4A1BE00E240CA /* Model */,
				0AA77C0C2DE3422E0014B7AA /* Utils */,
				0AA77C092DE341D60014B7AA /* Login */,
				0AA77BDD2DE3416A0014B7AA /* ViewController.swift */,
				0AA77BE22DE3416C0014B7AA /* Assets.xcassets */,
				0AA77BE42DE3416C0014B7AA /* LaunchScreen.storyboard */,
				0AA77BE72DE3416C0014B7AA /* Info.plist */,
				0AA77C0F2DE342590014B7AA /* BlessingChannelApp.swift */,
				0A44E0472DE4A13300E240CA /* AppDelegate.swift */,
			);
			path = BlessingChannel;
			sourceTree = "<group>";
		};
		0AA77BEF2DE3416C0014B7AA /* BlessingChannelTests */ = {
			isa = PBXGroup;
			children = (
				0AA77BF02DE3416C0014B7AA /* BlessingChannelTests.swift */,
			);
			path = BlessingChannelTests;
			sourceTree = "<group>";
		};
		0AA77BF92DE3416C0014B7AA /* BlessingChannelUITests */ = {
			isa = PBXGroup;
			children = (
				0AA77BFA2DE3416C0014B7AA /* BlessingChannelUITests.swift */,
				0AA77BFC2DE3416C0014B7AA /* BlessingChannelUITestsLaunchTests.swift */,
			);
			path = BlessingChannelUITests;
			sourceTree = "<group>";
		};
		0AA77C092DE341D60014B7AA /* Login */ = {
			isa = PBXGroup;
			children = (
				0AA77C0A2DE342150014B7AA /* LoginView.swift */,
				0A0E958A2DE4A90B007DD546 /* CustomLoginButton.swift */,
			);
			path = Login;
			sourceTree = "<group>";
		};
		0AA77C0C2DE3422E0014B7AA /* Utils */ = {
			isa = PBXGroup;
			children = (
				0AA77C0D2DE342420014B7AA /* Color+Extension.swift */,
			);
			path = Utils;
			sourceTree = "<group>";
		};
/* End PBXGroup section */

/* Begin PBXNativeTarget section */
		0AA77BD52DE3416A0014B7AA /* BlessingChannel */ = {
			isa = PBXNativeTarget;
			buildConfigurationList = 0AA77C002DE3416C0014B7AA /* Build configuration list for PBXNativeTarget "BlessingChannel" */;
			buildPhases = (
				0AA77BD22DE3416A0014B7AA /* Sources */,
				0AA77BD32DE3416A0014B7AA /* Frameworks */,
				0AA77BD42DE3416A0014B7AA /* Resources */,
			);
			buildRules = (
			);
			dependencies = (
			);
			name = BlessingChannel;
			packageProductDependencies = (
				0A26F4042DE4A32000F1324B /* GoogleSignIn */,
				0A26F4062DE4A32000F1324B /* GoogleSignInSwift */,
			);
			productName = BlessingChannel;
			productReference = 0AA77BD62DE3416A0014B7AA /* BlessingChannel.app */;
			productType = "com.apple.product-type.application";
		};
		0AA77BEB2DE3416C0014B7AA /* BlessingChannelTests */ = {
			isa = PBXNativeTarget;
			buildConfigurationList = 0AA77C032DE3416C0014B7AA /* Build configuration list for PBXNativeTarget "BlessingChannelTests" */;
			buildPhases = (
				0AA77BE82DE3416C0014B7AA /* Sources */,
				0AA77BE92DE3416C0014B7AA /* Frameworks */,
				0AA77BEA2DE3416C0014B7AA /* Resources */,
			);
			buildRules = (
			);
			dependencies = (
				0AA77BEE2DE3416C0014B7AA /* PBXTargetDependency */,
			);
			name = BlessingChannelTests;
			productName = BlessingChannelTests;
			productReference = 0AA77BEC2DE3416C0014B7AA /* BlessingChannelTests.xctest */;
			productType = "com.apple.product-type.bundle.unit-test";
		};
		0AA77BF52DE3416C0014B7AA /* BlessingChannelUITests */ = {
			isa = PBXNativeTarget;
			buildConfigurationList = 0AA77C062DE3416C0014B7AA /* Build configuration list for PBXNativeTarget "BlessingChannelUITests" */;
			buildPhases = (
				0AA77BF22DE3416C0014B7AA /* Sources */,
				0AA77BF32DE3416C0014B7AA /* Frameworks */,
				0AA77BF42DE3416C0014B7AA /* Resources */,
			);
			buildRules = (
			);
			dependencies = (
				0AA77BF82DE3416C0014B7AA /* PBXTargetDependency */,
			);
			name = BlessingChannelUITests;
			productName = BlessingChannelUITests;
			productReference = 0AA77BF62DE3416C0014B7AA /* BlessingChannelUITests.xctest */;
			productType = "com.apple.product-type.bundle.ui-testing";
		};
/* End PBXNativeTarget section */

/* Begin PBXProject section */
		0AA77BCE2DE3416A0014B7AA /* Project object */ = {
			isa = PBXProject;
			attributes = {
				BuildIndependentTargetsInParallel = 1;
				LastSwiftUpdateCheck = 1500;
				LastUpgradeCheck = 1500;
				TargetAttributes = {
					0AA77BD52DE3416A0014B7AA = {
						CreatedOnToolsVersion = 15.0.1;
					};
					0AA77BEB2DE3416C0014B7AA = {
						CreatedOnToolsVersion = 15.0.1;
						TestTargetID = 0AA77BD52DE3416A0014B7AA;
					};
					0AA77BF52DE3416C0014B7AA = {
						CreatedOnToolsVersion = 15.0.1;
						TestTargetID = 0AA77BD52DE3416A0014B7AA;
					};
				};
			};
			buildConfigurationList = 0AA77BD12DE3416A0014B7AA /* Build configuration list for PBXProject "BlessingChannel" */;
			compatibilityVersion = "Xcode 14.0";
			developmentRegion = en;
			hasScannedForEncodings = 0;
			knownRegions = (
				en,
				Base,
			);
			mainGroup = 0AA77BCD2DE3416A0014B7AA;
			packageReferences = (
				0A561D452DE49FF60064CE28 /* XCRemoteSwiftPackageReference "GoogleSignIn-iOS" */,
			);
			productRefGroup = 0AA77BD72DE3416A0014B7AA /* Products */;
			projectDirPath = "";
			projectRoot = "";
			targets = (
				0AA77BD52DE3416A0014B7AA /* BlessingChannel */,
				0AA77BEB2DE3416C0014B7AA /* BlessingChannelTests */,
				0AA77BF52DE3416C0014B7AA /* BlessingChannelUITests */,
			);
		};
/* End PBXProject section */

/* Begin PBXResourcesBuildPhase section */
		0AA77BD42DE3416A0014B7AA /* Resources */ = {
			isa = PBXResourcesBuildPhase;
			buildActionMask = 2147483647;
			files = (
				0AA77BE62DE3416C0014B7AA /* LaunchScreen.storyboard in Resources */,
				0AA77BE32DE3416C0014B7AA /* Assets.xcassets in Resources */,
			);
			runOnlyForDeploymentPostprocessing = 0;
		};
		0AA77BEA2DE3416C0014B7AA /* Resources */ = {
			isa = PBXResourcesBuildPhase;
			buildActionMask = 2147483647;
			files = (
			);
			runOnlyForDeploymentPostprocessing = 0;
		};
		0AA77BF42DE3416C0014B7AA /* Resources */ = {
			isa = PBXResourcesBuildPhase;
			buildActionMask = 2147483647;
			files = (
			);
			runOnlyForDeploymentPostprocessing = 0;
		};
/* End PBXResourcesBuildPhase section */

/* Begin PBXSourcesBuildPhase section */
		0AA77BD22DE3416A0014B7AA /* Sources */ = {
			isa = PBXSourcesBuildPhase;
			buildActionMask = 2147483647;
			files = (
				0AA77BDE2DE3416A0014B7AA /* ViewController.swift in Sources */,
				0A44E0502DE4A21D00E240CA /* DonationProgressView.swift in Sources */,
				0AA77C0E2DE342420014B7AA /* Color+Extension.swift in Sources */,
				0A44E04E2DE4A1F700E240CA /* MainScreenView.swift in Sources */,
				0A44E04B2DE4A1CD00E240CA /* User.swift in Sources */,
				0AA77C0B2DE342150014B7AA /* LoginView.swift in Sources */,
				0A44E0482DE4A13300E240CA /* AppDelegate.swift in Sources */,
				0AA77C102DE342590014B7AA /* BlessingChannelApp.swift in Sources */,
				0A0E958B2DE4A90B007DD546 /* CustomLoginButton.swift in Sources */,
				0A44E0522DE4A22E00E240CA /* NavigationBarView.swift in Sources */,
			);
			runOnlyForDeploymentPostprocessing = 0;
		};
		0AA77BE82DE3416C0014B7AA /* Sources */ = {
			isa = PBXSourcesBuildPhase;
			buildActionMask = 2147483647;
			files = (
				0AA77BF12DE3416C0014B7AA /* BlessingChannelTests.swift in Sources */,
			);
			runOnlyForDeploymentPostprocessing = 0;
		};
		0AA77BF22DE3416C0014B7AA /* Sources */ = {
			isa = PBXSourcesBuildPhase;
			buildActionMask = 2147483647;
			files = (
				0AA77BFB2DE3416C0014B7AA /* BlessingChannelUITests.swift in Sources */,
				0AA77BFD2DE3416C0014B7AA /* BlessingChannelUITestsLaunchTests.swift in Sources */,
			);
			runOnlyForDeploymentPostprocessing = 0;
		};
/* End PBXSourcesBuildPhase section */

/* Begin PBXTargetDependency section */
		0AA77BEE2DE3416C0014B7AA /* PBXTargetDependency */ = {
			isa = PBXTargetDependency;
			target = 0AA77BD52DE3416A0014B7AA /* BlessingChannel */;
			targetProxy = 0AA77BED2DE3416C0014B7AA /* PBXContainerItemProxy */;
		};
		0AA77BF82DE3416C0014B7AA /* PBXTargetDependency */ = {
			isa = PBXTargetDependency;
			target = 0AA77BD52DE3416A0014B7AA /* BlessingChannel */;
			targetProxy = 0AA77BF72DE3416C0014B7AA /* PBXContainerItemProxy */;
		};
/* End PBXTargetDependency section */

/* Begin PBXVariantGroup section */
		0AA77BE42DE3416C0014B7AA /* LaunchScreen.storyboard */ = {
			isa = PBXVariantGroup;
			children = (
				0AA77BE52DE3416C0014B7AA /* Base */,
			);
			name = LaunchScreen.storyboard;
			sourceTree = "<group>";
		};
/* End PBXVariantGroup section */

/* Begin XCBuildConfiguration section */
		0AA77BFE2DE3416C0014B7AA /* Debug */ = {
			isa = XCBuildConfiguration;
			buildSettings = {
				ALWAYS_SEARCH_USER_PATHS = NO;
				ASSETCATALOG_COMPILER_GENERATE_SWIFT_ASSET_SYMBOL_EXTENSIONS = YES;
				CLANG_ANALYZER_NONNULL = YES;
				CLANG_ANALYZER_NUMBER_OBJECT_CONVERSION = YES_AGGRESSIVE;
				CLANG_CXX_LANGUAGE_STANDARD = "gnu++20";
				CLANG_ENABLE_MODULES = YES;
				CLANG_ENABLE_OBJC_ARC = YES;
				CLANG_ENABLE_OBJC_WEAK = YES;
				CLANG_WARN_BLOCK_CAPTURE_AUTORELEASING = YES;
				CLANG_WARN_BOOL_CONVERSION = YES;
				CLANG_WARN_COMMA = YES;
				CLANG_WARN_CONSTANT_CONVERSION = YES;
				CLANG_WARN_DEPRECATED_OBJC_IMPLEMENTATIONS = YES;
				CLANG_WARN_DIRECT_OBJC_ISA_USAGE = YES_ERROR;
				CLANG_WARN_DOCUMENTATION_COMMENTS = YES;
				CLANG_WARN_EMPTY_BODY = YES;
				CLANG_WARN_ENUM_CONVERSION = YES;
				CLANG_WARN_INFINITE_RECURSION = YES;
				CLANG_WARN_INT_CONVERSION = YES;
				CLANG_WARN_NON_LITERAL_NULL_CONVERSION = YES;
				CLANG_WARN_OBJC_IMPLICIT_RETAIN_SELF = YES;
				CLANG_WARN_OBJC_LITERAL_CONVERSION = YES;
				CLANG_WARN_OBJC_ROOT_CLASS = YES_ERROR;
				CLANG_WARN_QUOTED_INCLUDE_IN_FRAMEWORK_HEADER = YES;
				CLANG_WARN_RANGE_LOOP_ANALYSIS = YES;
				CLANG_WARN_STRICT_PROTOTYPES = YES;
				CLANG_WARN_SUSPICIOUS_MOVE = YES;
				CLANG_WARN_UNGUARDED_AVAILABILITY = YES_AGGRESSIVE;
				CLANG_WARN_UNREACHABLE_CODE = YES;
				CLANG_WARN__DUPLICATE_METHOD_MATCH = YES;
				COPY_PHASE_STRIP = NO;
				DEBUG_INFORMATION_FORMAT = dwarf;
				ENABLE_STRICT_OBJC_MSGSEND = YES;
				ENABLE_TESTABILITY = YES;
				ENABLE_USER_SCRIPT_SANDBOXING = YES;
				GCC_C_LANGUAGE_STANDARD = gnu17;
				GCC_DYNAMIC_NO_PIC = NO;
				GCC_NO_COMMON_BLOCKS = YES;
				GCC_OPTIMIZATION_LEVEL = 0;
				GCC_PREPROCESSOR_DEFINITIONS = (
					"DEBUG=1",
					"$(inherited)",
				);
				GCC_WARN_64_TO_32_BIT_CONVERSION = YES;
				GCC_WARN_ABOUT_RETURN_TYPE = YES_ERROR;
				GCC_WARN_UNDECLARED_SELECTOR = YES;
				GCC_WARN_UNINITIALIZED_AUTOS = YES_AGGRESSIVE;
				GCC_WARN_UNUSED_FUNCTION = YES;
				GCC_WARN_UNUSED_VARIABLE = YES;
				IPHONEOS_DEPLOYMENT_TARGET = 17.0;
				LOCALIZATION_PREFERS_STRING_CATALOGS = YES;
				MTL_ENABLE_DEBUG_INFO = INCLUDE_SOURCE;
				MTL_FAST_MATH = YES;
				ONLY_ACTIVE_ARCH = YES;
				SDKROOT = iphoneos;
				SWIFT_ACTIVE_COMPILATION_CONDITIONS = "DEBUG $(inherited)";
				SWIFT_OPTIMIZATION_LEVEL = "-Onone";
			};
			name = Debug;
		};
		0AA77BFF2DE3416C0014B7AA /* Release */ = {
			isa = XCBuildConfiguration;
			buildSettings = {
				ALWAYS_SEARCH_USER_PATHS = NO;
				ASSETCATALOG_COMPILER_GENERATE_SWIFT_ASSET_SYMBOL_EXTENSIONS = YES;
				CLANG_ANALYZER_NONNULL = YES;
				CLANG_ANALYZER_NUMBER_OBJECT_CONVERSION = YES_AGGRESSIVE;
				CLANG_CXX_LANGUAGE_STANDARD = "gnu++20";
				CLANG_ENABLE_MODULES = YES;
				CLANG_ENABLE_OBJC_ARC = YES;
				CLANG_ENABLE_OBJC_WEAK = YES;
				CLANG_WARN_BLOCK_CAPTURE_AUTORELEASING = YES;
				CLANG_WARN_BOOL_CONVERSION = YES;
				CLANG_WARN_COMMA = YES;
				CLANG_WARN_CONSTANT_CONVERSION = YES;
				CLANG_WARN_DEPRECATED_OBJC_IMPLEMENTATIONS = YES;
				CLANG_WARN_DIRECT_OBJC_ISA_USAGE = YES_ERROR;
				CLANG_WARN_DOCUMENTATION_COMMENTS = YES;
				CLANG_WARN_EMPTY_BODY = YES;
				CLANG_WARN_ENUM_CONVERSION = YES;
				CLANG_WARN_INFINITE_RECURSION = YES;
				CLANG_WARN_INT_CONVERSION = YES;
				CLANG_WARN_NON_LITERAL_NULL_CONVERSION = YES;
				CLANG_WARN_OBJC_IMPLICIT_RETAIN_SELF = YES;
				CLANG_WARN_OBJC_LITERAL_CONVERSION = YES;
				CLANG_WARN_OBJC_ROOT_CLASS = YES_ERROR;
				CLANG_WARN_QUOTED_INCLUDE_IN_FRAMEWORK_HEADER = YES;
				CLANG_WARN_RANGE_LOOP_ANALYSIS = YES;
				CLANG_WARN_STRICT_PROTOTYPES = YES;
				CLANG_WARN_SUSPICIOUS_MOVE = YES;
				CLANG_WARN_UNGUARDED_AVAILABILITY = YES_AGGRESSIVE;
				CLANG_WARN_UNREACHABLE_CODE = YES;
				CLANG_WARN__DUPLICATE_METHOD_MATCH = YES;
				COPY_PHASE_STRIP = NO;
				DEBUG_INFORMATION_FORMAT = "dwarf-with-dsym";
				ENABLE_NS_ASSERTIONS = NO;
				ENABLE_STRICT_OBJC_MSGSEND = YES;
				ENABLE_USER_SCRIPT_SANDBOXING = YES;
				GCC_C_LANGUAGE_STANDARD = gnu17;
				GCC_NO_COMMON_BLOCKS = YES;
				GCC_WARN_64_TO_32_BIT_CONVERSION = YES;
				GCC_WARN_ABOUT_RETURN_TYPE = YES_ERROR;
				GCC_WARN_UNDECLARED_SELECTOR = YES;
				GCC_WARN_UNINITIALIZED_AUTOS = YES_AGGRESSIVE;
				GCC_WARN_UNUSED_FUNCTION = YES;
				GCC_WARN_UNUSED_VARIABLE = YES;
				IPHONEOS_DEPLOYMENT_TARGET = 17.0;
				LOCALIZATION_PREFERS_STRING_CATALOGS = YES;
				MTL_ENABLE_DEBUG_INFO = NO;
				MTL_FAST_MATH = YES;
				SDKROOT = iphoneos;
				SWIFT_COMPILATION_MODE = wholemodule;
				VALIDATE_PRODUCT = YES;
			};
			name = Release;
		};
		0AA77C012DE3416C0014B7AA /* Debug */ = {
			isa = XCBuildConfiguration;
			buildSettings = {
				ASSETCATALOG_COMPILER_APPICON_NAME = AppIcon;
				ASSETCATALOG_COMPILER_GLOBAL_ACCENT_COLOR_NAME = AccentColor;
				CODE_SIGN_STYLE = Automatic;
				CURRENT_PROJECT_VERSION = 1;
				DEVELOPMENT_TEAM = 9KDUS59PR5;
				GENERATE_INFOPLIST_FILE = YES;
				INFOPLIST_FILE = BlessingChannel/Info.plist;
				INFOPLIST_KEY_UIApplicationSupportsIndirectInputEvents = YES;
				INFOPLIST_KEY_UILaunchStoryboardName = LaunchScreen;
				INFOPLIST_KEY_UIMainStoryboardFile = "";
				INFOPLIST_KEY_UISupportedInterfaceOrientations_iPad = "UIInterfaceOrientationPortrait UIInterfaceOrientationPortraitUpsideDown UIInterfaceOrientationLandscapeLeft UIInterfaceOrientationLandscapeRight";
				INFOPLIST_KEY_UISupportedInterfaceOrientations_iPhone = "UIInterfaceOrientationPortrait UIInterfaceOrientationLandscapeLeft UIInterfaceOrientationLandscapeRight";
				LD_RUNPATH_SEARCH_PATHS = (
					"$(inherited)",
					"@executable_path/Frameworks",
				);
				MARKETING_VERSION = 1.0;
				PRODUCT_BUNDLE_IDENTIFIER = com.blessing.channel.BlessingChannel;
				PRODUCT_NAME = "$(TARGET_NAME)";
				SWIFT_EMIT_LOC_STRINGS = YES;
				SWIFT_VERSION = 5.0;
				TARGETED_DEVICE_FAMILY = "1,2";
			};
			name = Debug;
		};
		0AA77C022DE3416C0014B7AA /* Release */ = {
			isa = XCBuildConfiguration;
			buildSettings = {
				ASSETCATALOG_COMPILER_APPICON_NAME = AppIcon;
				ASSETCATALOG_COMPILER_GLOBAL_ACCENT_COLOR_NAME = AccentColor;
				CODE_SIGN_STYLE = Automatic;
				CURRENT_PROJECT_VERSION = 1;
				DEVELOPMENT_TEAM = 9KDUS59PR5;
				GENERATE_INFOPLIST_FILE = YES;
				INFOPLIST_FILE = BlessingChannel/Info.plist;
				INFOPLIST_KEY_UIApplicationSupportsIndirectInputEvents = YES;
				INFOPLIST_KEY_UILaunchStoryboardName = LaunchScreen;
				INFOPLIST_KEY_UIMainStoryboardFile = "";
				INFOPLIST_KEY_UISupportedInterfaceOrientations_iPad = "UIInterfaceOrientationPortrait UIInterfaceOrientationPortraitUpsideDown UIInterfaceOrientationLandscapeLeft UIInterfaceOrientationLandscapeRight";
				INFOPLIST_KEY_UISupportedInterfaceOrientations_iPhone = "UIInterfaceOrientationPortrait UIInterfaceOrientationLandscapeLeft UIInterfaceOrientationLandscapeRight";
				LD_RUNPATH_SEARCH_PATHS = (
					"$(inherited)",
					"@executable_path/Frameworks",
				);
				MARKETING_VERSION = 1.0;
				PRODUCT_BUNDLE_IDENTIFIER = com.blessing.channel.BlessingChannel;
				PRODUCT_NAME = "$(TARGET_NAME)";
				SWIFT_EMIT_LOC_STRINGS = YES;
				SWIFT_VERSION = 5.0;
				TARGETED_DEVICE_FAMILY = "1,2";
			};
			name = Release;
		};
		0AA77C042DE3416C0014B7AA /* Debug */ = {
			isa = XCBuildConfiguration;
			buildSettings = {
				ALWAYS_EMBED_SWIFT_STANDARD_LIBRARIES = YES;
				BUNDLE_LOADER = "$(TEST_HOST)";
				CODE_SIGN_STYLE = Automatic;
				CURRENT_PROJECT_VERSION = 1;
				DEVELOPMENT_TEAM = 9KDUS59PR5;
				GENERATE_INFOPLIST_FILE = YES;
				IPHONEOS_DEPLOYMENT_TARGET = 17.0;
				MARKETING_VERSION = 1.0;
				PRODUCT_BUNDLE_IDENTIFIER = com.blessing.channel.BlessingChannelTests;
				PRODUCT_NAME = "$(TARGET_NAME)";
				SWIFT_EMIT_LOC_STRINGS = NO;
				SWIFT_VERSION = 5.0;
				TARGETED_DEVICE_FAMILY = "1,2";
				TEST_HOST = "$(BUILT_PRODUCTS_DIR)/BlessingChannel.app/$(BUNDLE_EXECUTABLE_FOLDER_PATH)/BlessingChannel";
			};
			name = Debug;
		};
		0AA77C052DE3416C0014B7AA /* Release */ = {
			isa = XCBuildConfiguration;
			buildSettings = {
				ALWAYS_EMBED_SWIFT_STANDARD_LIBRARIES = YES;
				BUNDLE_LOADER = "$(TEST_HOST)";
				CODE_SIGN_STYLE = Automatic;
				CURRENT_PROJECT_VERSION = 1;
				DEVELOPMENT_TEAM = 9KDUS59PR5;
				GENERATE_INFOPLIST_FILE = YES;
				IPHONEOS_DEPLOYMENT_TARGET = 17.0;
				MARKETING_VERSION = 1.0;
				PRODUCT_BUNDLE_IDENTIFIER = com.blessing.channel.BlessingChannelTests;
				PRODUCT_NAME = "$(TARGET_NAME)";
				SWIFT_EMIT_LOC_STRINGS = NO;
				SWIFT_VERSION = 5.0;
				TARGETED_DEVICE_FAMILY = "1,2";
				TEST_HOST = "$(BUILT_PRODUCTS_DIR)/BlessingChannel.app/$(BUNDLE_EXECUTABLE_FOLDER_PATH)/BlessingChannel";
			};
			name = Release;
		};
		0AA77C072DE3416C0014B7AA /* Debug */ = {
			isa = XCBuildConfiguration;
			buildSettings = {
				ALWAYS_EMBED_SWIFT_STANDARD_LIBRARIES = YES;
				CODE_SIGN_STYLE = Automatic;
				CURRENT_PROJECT_VERSION = 1;
				DEVELOPMENT_TEAM = 9KDUS59PR5;
				GENERATE_INFOPLIST_FILE = YES;
				MARKETING_VERSION = 1.0;
				PRODUCT_BUNDLE_IDENTIFIER = com.blessing.channel.BlessingChannelUITests;
				PRODUCT_NAME = "$(TARGET_NAME)";
				SWIFT_EMIT_LOC_STRINGS = NO;
				SWIFT_VERSION = 5.0;
				TARGETED_DEVICE_FAMILY = "1,2";
				TEST_TARGET_NAME = BlessingChannel;
			};
			name = Debug;
		};
		0AA77C082DE3416C0014B7AA /* Release */ = {
			isa = XCBuildConfiguration;
			buildSettings = {
				ALWAYS_EMBED_SWIFT_STANDARD_LIBRARIES = YES;
				CODE_SIGN_STYLE = Automatic;
				CURRENT_PROJECT_VERSION = 1;
				DEVELOPMENT_TEAM = 9KDUS59PR5;
				GENERATE_INFOPLIST_FILE = YES;
				MARKETING_VERSION = 1.0;
				PRODUCT_BUNDLE_IDENTIFIER = com.blessing.channel.BlessingChannelUITests;
				PRODUCT_NAME = "$(TARGET_NAME)";
				SWIFT_EMIT_LOC_STRINGS = NO;
				SWIFT_VERSION = 5.0;
				TARGETED_DEVICE_FAMILY = "1,2";
				TEST_TARGET_NAME = BlessingChannel;
			};
			name = Release;
		};
/* End XCBuildConfiguration section */

/* Begin XCConfigurationList section */
		0AA77BD12DE3416A0014B7AA /* Build configuration list for PBXProject "BlessingChannel" */ = {
			isa = XCConfigurationList;
			buildConfigurations = (
				0AA77BFE2DE3416C0014B7AA /* Debug */,
				0AA77BFF2DE3416C0014B7AA /* Release */,
			);
			defaultConfigurationIsVisible = 0;
			defaultConfigurationName = Release;
		};
		0AA77C002DE3416C0014B7AA /* Build configuration list for PBXNativeTarget "BlessingChannel" */ = {
			isa = XCConfigurationList;
			buildConfigurations = (
				0AA77C012DE3416C0014B7AA /* Debug */,
				0AA77C022DE3416C0014B7AA /* Release */,
			);
			defaultConfigurationIsVisible = 0;
			defaultConfigurationName = Release;
		};
		0AA77C032DE3416C0014B7AA /* Build configuration list for PBXNativeTarget "BlessingChannelTests" */ = {
			isa = XCConfigurationList;
			buildConfigurations = (
				0AA77C042DE3416C0014B7AA /* Debug */,
				0AA77C052DE3416C0014B7AA /* Release */,
			);
			defaultConfigurationIsVisible = 0;
			defaultConfigurationName = Release;
		};
		0AA77C062DE3416C0014B7AA /* Build configuration list for PBXNativeTarget "BlessingChannelUITests" */ = {
			isa = XCConfigurationList;
			buildConfigurations = (
				0AA77C072DE3416C0014B7AA /* Debug */,
				0AA77C082DE3416C0014B7AA /* Release */,
			);
			defaultConfigurationIsVisible = 0;
			defaultConfigurationName = Release;
		};
/* End XCConfigurationList section */

/* Begin XCRemoteSwiftPackageReference section */
		0A561D452DE49FF60064CE28 /* XCRemoteSwiftPackageReference "GoogleSignIn-iOS" */ = {
			isa = XCRemoteSwiftPackageReference;
			repositoryURL = "https://github.com/google/GoogleSignIn-iOS.git";
			requirement = {
				kind = upToNextMajorVersion;
				minimumVersion = 8.0.0;
			};
		};
/* End XCRemoteSwiftPackageReference section */

/* Begin XCSwiftPackageProductDependency section */
		0A26F4042DE4A32000F1324B /* GoogleSignIn */ = {
			isa = XCSwiftPackageProductDependency;
			package = 0A561D452DE49FF60064CE28 /* XCRemoteSwiftPackageReference "GoogleSignIn-iOS" */;
			productName = GoogleSignIn;
		};
		0A26F4062DE4A32000F1324B /* GoogleSignInSwift */ = {
			isa = XCSwiftPackageProductDependency;
			package = 0A561D452DE49FF60064CE28 /* XCRemoteSwiftPackageReference "GoogleSignIn-iOS" */;
			productName = GoogleSignInSwift;
		};
/* End XCSwiftPackageProductDependency section */
	};
	rootObject = 0AA77BCE2DE3416A0014B7AA /* Project object */;
}
